lockfileVersion: 5.3

specifiers:
  '@rollup/plugin-commonjs': ^21.0.1
  '@rollup/plugin-node-resolve': ^13.1.3
  '@rollup/plugin-typescript': ^8.3.0
  '@types/node': ^17.0.10
  '@types/prettier': ^2.4.3
  just-camel-case: ^6.0.1
  just-capitalize: ^3.0.1
  just-cartesian-product: ^4.0.2
  just-clamp: ^4.0.1
  just-clone: ^5.0.1
  just-compact: ^3.0.1
  just-compare: ^2.0.1
  just-compose: ^2.1.0
  just-curry-it: ^5.0.1
  just-debounce-it: ^3.0.1
  just-deep-map-values: ^1.0.0
  just-demethodize: ^3.0.1
  just-diff: ^5.0.1
  just-diff-apply: ^5.1.1
  just-entries: ^2.0.1
  just-extend: ^6.0.1
  just-filter-object: ^3.0.1
  just-flatten-it: ^5.0.1
  just-flip: ^2.0.1
  just-flip-object: ^2.1.0
  just-flush: ^2.1.0
  just-group-by: ^2.0.1
  just-index: ^4.0.1
  just-insert: ^3.0.1
  just-intersect: ^4.0.2
  just-is-circular: ^2.0.1
  just-is-empty: ^3.1.1
  just-is-prime: ^2.0.1
  just-is-primitive: ^2.1.0
  just-kebab-case: ^4.0.1
  just-last: ^3.0.1
  just-left-pad: ^3.0.1
  just-map-keys: ^2.1.1
  just-map-object: ^2.1.0
  just-map-values: ^3.0.2
  just-mean: ^2.0.1
  just-median: ^2.0.1
  just-memoize: ^2.0.1
  just-memoize-last: ^3.0.1
  just-merge: ^3.0.1
  just-mode: ^2.0.1
  just-modulo: ^2.0.1
  just-omit: ^2.0.1
  just-once: ^2.0.1
  just-partial-it: ^3.0.2
  just-partition: ^2.0.1
  just-pascal-case: ^3.0.1
  just-percentile: ^4.0.0
  just-permutations: ^2.0.1
  just-pick: ^4.0.1
  just-pluck-it: ^2.1.0
  just-prune: ^2.0.1
  just-random: ^3.0.1
  just-range: ^4.0.1
  just-reduce-object: ^2.0.1
  just-remove: ^3.0.1
  just-replace-all: ^2.0.1
  just-right-pad: ^3.0.1
  just-safe-get: ^4.0.1
  just-safe-set: ^4.0.2
  just-shuffle: ^4.0.1
  just-skewness: ^2.0.1
  just-snake-case: ^3.0.1
  just-sort-by: ^3.0.1
  just-split: ^3.0.1
  just-split-at: ^3.0.1
  just-squash: ^2.0.1
  just-standard-deviation: ^2.0.1
  just-tail: ^3.0.2
  just-template: ^2.0.1
  just-throttle: ^4.0.1
  just-truncate: ^2.0.1
  just-typeof: ^3.0.1
  just-union: ^3.0.1
  just-unique: ^4.0.1
  just-values: ^2.0.1
  just-variance: ^2.0.1
  just-zip-it: ^3.0.1
  prettier: ^2.5.1
  rollup: ^2.66.0
  tslib: ^2.3.1
  tsm: ^2.2.1
  type-fest: ^2.10.0
  typescript: ^4.5.5

dependencies:
  just-camel-case: 6.0.1
  just-capitalize: 3.0.1
  just-cartesian-product: 4.0.2
  just-clamp: 4.0.1
  just-clone: 5.0.1
  just-compact: 3.0.1
  just-compare: 2.0.1
  just-compose: 2.1.0
  just-curry-it: 5.0.1
  just-debounce-it: 3.0.1
  just-deep-map-values: 1.0.0
  just-demethodize: 3.0.1
  just-diff: 5.0.1
  just-diff-apply: 5.1.1
  just-entries: 2.0.1
  just-extend: 6.0.1
  just-filter-object: 3.0.1
  just-flatten-it: 5.0.1
  just-flip: 2.0.1
  just-flip-object: 2.1.0
  just-flush: 2.1.0
  just-group-by: 2.0.1
  just-index: 4.0.1
  just-insert: 3.0.1
  just-intersect: 4.0.2
  just-is-circular: 2.0.1
  just-is-empty: 3.1.1
  just-is-prime: 2.0.1
  just-is-primitive: 2.1.0
  just-kebab-case: 4.0.1
  just-last: 3.0.1
  just-left-pad: 3.0.1
  just-map-keys: 2.1.1
  just-map-object: 2.1.0
  just-map-values: 3.0.2
  just-mean: 2.0.1
  just-median: 2.0.1
  just-memoize: 2.0.1
  just-memoize-last: 3.0.1
  just-merge: 3.0.1
  just-mode: 2.0.1
  just-modulo: 2.0.1
  just-omit: 2.0.1
  just-once: 2.0.1
  just-partial-it: 3.0.2
  just-partition: 2.0.1
  just-pascal-case: 3.0.1
  just-percentile: 4.0.0
  just-permutations: 2.0.1
  just-pick: 4.0.1
  just-pluck-it: 2.1.0
  just-prune: 2.0.1
  just-random: 3.0.1
  just-range: 4.0.1
  just-reduce-object: 2.0.1
  just-remove: 3.0.1
  just-replace-all: 2.0.1
  just-right-pad: 3.0.1
  just-safe-get: 4.0.1
  just-safe-set: 4.0.2
  just-shuffle: 4.0.1
  just-skewness: 2.0.1
  just-snake-case: 3.0.1
  just-sort-by: 3.0.1
  just-split: 3.0.1
  just-split-at: 3.0.1
  just-squash: 2.0.1
  just-standard-deviation: 2.0.1
  just-tail: 3.0.2
  just-template: 2.0.1
  just-throttle: 4.0.1
  just-truncate: 2.0.1
  just-typeof: 3.0.1
  just-union: 3.0.1
  just-unique: 4.0.1
  just-values: 2.0.1
  just-variance: 2.0.1
  just-zip-it: 3.0.1

devDependencies:
  '@rollup/plugin-commonjs': 21.0.1_rollup@2.66.0
  '@rollup/plugin-node-resolve': 13.1.3_rollup@2.66.0
  '@rollup/plugin-typescript': 8.3.0_db7de9f057e15ec305ef8f03586ea0a2
  '@types/node': 17.0.10
  '@types/prettier': 2.4.3
  prettier: 2.5.1
  rollup: 2.66.0
  tslib: 2.3.1
  tsm: 2.2.1
  type-fest: 2.10.0
  typescript: 4.5.5

packages:

  /@rollup/plugin-commonjs/21.0.1_rollup@2.66.0:
    resolution: {integrity: sha512-EA+g22lbNJ8p5kuZJUYyhhDK7WgJckW5g4pNN7n4mAFUM96VuwUnNT3xr2Db2iCZPI1pJPbGyfT5mS9T1dHfMg==}
    engines: {node: '>= 8.0.0'}
    peerDependencies:
      rollup: ^2.38.3
    dependencies:
      '@rollup/pluginutils': 3.1.0_rollup@2.66.0
      commondir: 1.0.1
      estree-walker: 2.0.2
      glob: 7.2.0
      is-reference: 1.2.1
      magic-string: 0.25.7
      resolve: 1.20.0
      rollup: 2.66.0
    dev: true

  /@rollup/plugin-node-resolve/13.1.3_rollup@2.66.0:
    resolution: {integrity: sha512-BdxNk+LtmElRo5d06MGY4zoepyrXX1tkzX2hrnPEZ53k78GuOMWLqmJDGIIOPwVRIFZrLQOo+Yr6KtCuLIA0AQ==}
    engines: {node: '>= 10.0.0'}
    peerDependencies:
      rollup: ^2.42.0
    dependencies:
      '@rollup/pluginutils': 3.1.0_rollup@2.66.0
      '@types/resolve': 1.17.1
      builtin-modules: 3.2.0
      deepmerge: 4.2.2
      is-module: 1.0.0
      resolve: 1.20.0
      rollup: 2.66.0
    dev: true

  /@rollup/plugin-typescript/8.3.0_db7de9f057e15ec305ef8f03586ea0a2:
    resolution: {integrity: sha512-I5FpSvLbtAdwJ+naznv+B4sjXZUcIvLLceYpITAn7wAP8W0wqc5noLdGIp9HGVntNhRWXctwPYrSSFQxtl0FPA==}
    engines: {node: '>=8.0.0'}
    peerDependencies:
      rollup: ^2.14.0
      tslib: '*'
      typescript: '>=3.7.0'
    dependencies:
      '@rollup/pluginutils': 3.1.0_rollup@2.66.0
      resolve: 1.20.0
      rollup: 2.66.0
      tslib: 2.3.1
      typescript: 4.5.5
    dev: true

  /@rollup/pluginutils/3.1.0_rollup@2.66.0:
    resolution: {integrity: sha512-GksZ6pr6TpIjHm8h9lSQ8pi8BE9VeubNT0OMJ3B5uZJ8pz73NPiqOtCog/x2/QzM1ENChPKxMDhiQuRHsqc+lg==}
    engines: {node: '>= 8.0.0'}
    peerDependencies:
      rollup: ^1.20.0||^2.0.0
    dependencies:
      '@types/estree': 0.0.39
      estree-walker: 1.0.1
      picomatch: 2.3.0
      rollup: 2.66.0
    dev: true

  /@types/estree/0.0.39:
    resolution: {integrity: sha512-EYNwp3bU+98cpU4lAWYYL7Zz+2gryWH1qbdDTidVd6hkiR6weksdbMadyXKXNPEkQFhXM+hVO9ZygomHXp+AIw==}
    dev: true

  /@types/estree/0.0.50:
    resolution: {integrity: sha512-C6N5s2ZFtuZRj54k2/zyRhNDjJwwcViAM3Nbm8zjBpbqAdZ00mr0CFxvSKeO8Y/e03WVFLpQMdHYVfUd6SB+Hw==}
    dev: true

  /@types/node/17.0.10:
    resolution: {integrity: sha512-S/3xB4KzyFxYGCppyDt68yzBU9ysL88lSdIah4D6cptdcltc4NCPCAMc0+PCpg/lLIyC7IPvj2Z52OJWeIUkog==}
    dev: true

  /@types/prettier/2.4.3:
    resolution: {integrity: sha512-QzSuZMBuG5u8HqYz01qtMdg/Jfctlnvj1z/lYnIDXs/golxw0fxtRAHd9KrzjR7Yxz1qVeI00o0kiO3PmVdJ9w==}
    dev: true

  /@types/resolve/1.17.1:
    resolution: {integrity: sha512-yy7HuzQhj0dhGpD8RLXSZWEkLsV9ibvxvi6EiJ3bkqLAO1RGo0WbkWQiwpRlSFymTJRz0d3k5LM3kkx8ArDbLw==}
    dependencies:
      '@types/node': 17.0.10
    dev: true

  /balanced-match/1.0.2:
    resolution: {integrity: sha512-3oSeUO0TMV67hN1AmbXsK4yaqU7tjiHlbxRDZOpH0KW9+CeX4bRAaX0Anxt0tx2MrpRpWwQaPwIlISEJhYU5Pw==}
    dev: true

  /brace-expansion/1.1.11:
    resolution: {integrity: sha512-iCuPHDFgrHX7H2vEI/5xpz07zSHB00TpugqhmYtVmMO6518mCuRMoOYFldEBl0g187ufozdaHgWKcYFb61qGiA==}
    dependencies:
      balanced-match: 1.0.2
      concat-map: 0.0.1
    dev: true

  /builtin-modules/3.2.0:
    resolution: {integrity: sha512-lGzLKcioL90C7wMczpkY0n/oART3MbBa8R9OFGE1rJxoVI86u4WAGfEk8Wjv10eKSyTHVGkSo3bvBylCEtk7LA==}
    engines: {node: '>=6'}
    dev: true

  /commondir/1.0.1:
    resolution: {integrity: sha1-3dgA2gxmEnOTzKWVDqloo6rxJTs=}
    dev: true

  /concat-map/0.0.1:
    resolution: {integrity: sha1-2Klr13/Wjfd5OnMDajug1UBdR3s=}
    dev: true

  /deepmerge/4.2.2:
    resolution: {integrity: sha512-FJ3UgI4gIl+PHZm53knsuSFpE+nESMr7M4v9QcgB7S63Kj/6WqMiFQJpBBYz1Pt+66bZpP3Q7Lye0Oo9MPKEdg==}
    engines: {node: '>=0.10.0'}
    dev: true

  /esbuild-android-arm64/0.14.13:
    resolution: {integrity: sha512-rhtwl+KJ3BzzXkK09N3/YbEF1i5WhriysJEStoeWNBzchx9hlmzyWmDGQQhu56HF78ua3JrVPyLOsdLGvtMvxQ==}
    cpu: [arm64]
    os: [android]
    requiresBuild: true
    dev: true
    optional: true

  /esbuild-darwin-64/0.14.13:
    resolution: {integrity: sha512-Fl47xIt5RMu50WIgMU93kwmUUJb+BPuL8R895n/aBNQqavS+KUMpLPoqKGABBV4myfx/fnAD/97X8Gt1C1YW6w==}
    cpu: [x64]
    os: [darwin]
    requiresBuild: true
    dev: true
    optional: true

  /esbuild-darwin-arm64/0.14.13:
    resolution: {integrity: sha512-UttqKRFXsWvuivcyAbFmo54vdkC9Me1ZYQNuoz/uBYDbkb2MgqKYG2+xoVKPBhLvhT0CKM5QGKD81flMH5BE6A==}
    cpu: [arm64]
    os: [darwin]
    requiresBuild: true
    dev: true
    optional: true

  /esbuild-freebsd-64/0.14.13:
    resolution: {integrity: sha512-dlIhPFSp29Yq2TPh7Cm3/4M0uKjlfvOylHVNCRvRNiOvDbBol6/NZ3kLisczms+Yra0rxVapBPN1oMbSMuts9g==}
    cpu: [x64]
    os: [freebsd]
    requiresBuild: true
    dev: true
    optional: true

  /esbuild-freebsd-arm64/0.14.13:
    resolution: {integrity: sha512-bNOHLu7Oq6RwaAMnwPbJ40DVGPl9GlAOnfH/dFZ792f8hFEbopkbtVzo1SU1jjfY3TGLWOgqHNWxPxx1N7Au+g==}
    cpu: [arm64]
    os: [freebsd]
    requiresBuild: true
    dev: true
    optional: true

  /esbuild-linux-32/0.14.13:
    resolution: {integrity: sha512-WzXyBx6zx16adGi7wPBvH2lRCBzYMcqnBRrJ8ciLIqYyruGvprZocX1nFWfiexjLcFxIElWnMNPX6LG7ULqyXA==}
    cpu: [ia32]
    os: [linux]
    requiresBuild: true
    dev: true
    optional: true

  /esbuild-linux-64/0.14.13:
    resolution: {integrity: sha512-P6OFAfcoUvE7g9h/0UKm3qagvTovwqpCF1wbFLWe/BcCY8BS1bR/+SxUjCeKX2BcpIsg4/43ezHDE/ntg/iOpw==}
    cpu: [x64]
    os: [linux]
    requiresBuild: true
    dev: true
    optional: true

  /esbuild-linux-arm/0.14.13:
    resolution: {integrity: sha512-4jmm0UySCg3Wi6FEBS7jpiPb1IyckI5um5kzYRwulHxPzkiokd6cgpcsTakR4/Y84UEicS8LnFAghHhXHZhbFg==}
    cpu: [arm]
    os: [linux]
    requiresBuild: true
    dev: true
    optional: true

  /esbuild-linux-arm64/0.14.13:
    resolution: {integrity: sha512-k/uIvmkm4mc7vyMvJVwILgGxi2F+FuvLdmESIIWoHrnxEfEekC5AWpI/R6GQ2OMfp8snebSQLs8KL05QPnt1zA==}
    cpu: [arm64]
    os: [linux]
    requiresBuild: true
    dev: true
    optional: true

  /esbuild-linux-mips64le/0.14.13:
    resolution: {integrity: sha512-vwYtgjQ1TRlUGL88km9wH9TjXsdZyZ/Xht1ASptg5XGRlqGquVjLGH11PfLLunoMdkQ0YTXR68b4l5gRfjVbyg==}
    cpu: [mips64el]
    os: [linux]
    requiresBuild: true
    dev: true
    optional: true

  /esbuild-linux-ppc64le/0.14.13:
    resolution: {integrity: sha512-0KqDSIkZaYugtcdpFCd3eQ38Fg6TzhxmOpkhDIKNTwD/W2RoXeiS+Z4y5yQ3oysb/ySDOxWkwNqTdXS4sz2LdQ==}
    cpu: [ppc64]
    os: [linux]
    requiresBuild: true
    dev: true
    optional: true

  /esbuild-linux-s390x/0.14.13:
    resolution: {integrity: sha512-bG20i7d0CN97fwPN9LaLe64E2IrI0fPZWEcoiff9hzzsvo/fQCx0YjMbPC2T3gqQ48QZRltdU9hQilTjHk3geQ==}
    cpu: [s390x]
    os: [linux]
    requiresBuild: true
    dev: true
    optional: true

  /esbuild-netbsd-64/0.14.13:
    resolution: {integrity: sha512-jz96PQb0ltqyqLggPpcRbWxzLvWHvrZBHZQyjcOzKRDqg1fR/R1y10b1Cuv84xoIbdAf+ceNUJkMN21FfR9G2g==}
    cpu: [x64]
    os: [netbsd]
    requiresBuild: true
    dev: true
    optional: true

  /esbuild-openbsd-64/0.14.13:
    resolution: {integrity: sha512-bp6zSo3kDCXKPM5MmVUg6DEpt+yXDx37iDGzNTn3Kf9xh6d0cdITxUC4Bx6S3Di79GVYubWs+wNjSRVFIJpryw==}
    cpu: [x64]
    os: [openbsd]
    requiresBuild: true
    dev: true
    optional: true

  /esbuild-sunos-64/0.14.13:
    resolution: {integrity: sha512-08Fne1T9QHYxUnu55sV9V4i/yECADOaI1zMGET2YUa8SRkib10i80hc89U7U/G02DxpN/KUJMWEGq2wKTn0QFQ==}
    cpu: [x64]
    os: [sunos]
    requiresBuild: true
    dev: true
    optional: true

  /esbuild-windows-32/0.14.13:
    resolution: {integrity: sha512-MW3BMIi9+fzTyDdljH0ftfT/qlD3t+aVzle1O+zZ2MgHRMQD20JwWgyqoJXhe6uDVyunrAUbcjH3qTIEZN3isg==}
    cpu: [ia32]
    os: [win32]
    requiresBuild: true
    dev: true
    optional: true

  /esbuild-windows-64/0.14.13:
    resolution: {integrity: sha512-d7+0N+EOgBKdi/nMxlQ8QA5xHBlpcLtSrYnHsA+Xp4yZk28dYfRw1+embsHf5uN5/1iPvrJwPrcpgDH1xyy4JA==}
    cpu: [x64]
    os: [win32]
    requiresBuild: true
    dev: true
    optional: true

  /esbuild-windows-arm64/0.14.13:
    resolution: {integrity: sha512-oX5hmgXk9yNKbb5AxThzRQm/E9kiHyDll7JJeyeT1fuGENTifv33f0INCpjBQ+Ty5ChKc84++ZQTEBwLCA12Kw==}
    cpu: [arm64]
    os: [win32]
    requiresBuild: true
    dev: true
    optional: true

  /esbuild/0.14.13:
    resolution: {integrity: sha512-FIxvAdj3i2oHA6ex+E67bG7zlSTO+slt8kU2ogHDgGtrQLy2HNChv3PYjiFTYkt8hZbEAniZCXVeHn+FrHt7dA==}
    hasBin: true
    requiresBuild: true
    optionalDependencies:
      esbuild-android-arm64: 0.14.13
      esbuild-darwin-64: 0.14.13
      esbuild-darwin-arm64: 0.14.13
      esbuild-freebsd-64: 0.14.13
      esbuild-freebsd-arm64: 0.14.13
      esbuild-linux-32: 0.14.13
      esbuild-linux-64: 0.14.13
      esbuild-linux-arm: 0.14.13
      esbuild-linux-arm64: 0.14.13
      esbuild-linux-mips64le: 0.14.13
      esbuild-linux-ppc64le: 0.14.13
      esbuild-linux-s390x: 0.14.13
      esbuild-netbsd-64: 0.14.13
      esbuild-openbsd-64: 0.14.13
      esbuild-sunos-64: 0.14.13
      esbuild-windows-32: 0.14.13
      esbuild-windows-64: 0.14.13
      esbuild-windows-arm64: 0.14.13
    dev: true

  /estree-walker/1.0.1:
    resolution: {integrity: sha512-1fMXF3YP4pZZVozF8j/ZLfvnR8NSIljt56UhbZ5PeeDmmGHpgpdwQt7ITlGvYaQukCvuBRMLEiKiYC+oeIg4cg==}
    dev: true

  /estree-walker/2.0.2:
    resolution: {integrity: sha512-Rfkk/Mp/DL7JVje3u18FxFujQlTNR2q6QfMSMB7AvCBx91NGj/ba3kCfza0f6dVDbw7YlRf/nDrn7pQrCCyQ/w==}
    dev: true

  /fs.realpath/1.0.0:
    resolution: {integrity: sha1-FQStJSMVjKpA20onh8sBQRmU6k8=}
    dev: true

  /fsevents/2.3.2:
    resolution: {integrity: sha512-xiqMQR4xAeHTuB9uWm+fFRcIOgKBMiOBP+eXiyT7jsgVCq1bkVygt00oASowB7EdtpOHaaPgKt812P9ab+DDKA==}
    engines: {node: ^8.16.0 || ^10.6.0 || >=11.0.0}
    os: [darwin]
    requiresBuild: true
    dev: true
    optional: true

  /function-bind/1.1.1:
    resolution: {integrity: sha512-yIovAzMX49sF8Yl58fSCWJ5svSLuaibPxXQJFLmBObTuCr0Mf1KiPopGM9NiFjiYBCbfaa2Fh6breQ6ANVTI0A==}
    dev: true

  /glob/7.2.0:
    resolution: {integrity: sha512-lmLf6gtyrPq8tTjSmrO94wBeQbFR3HbLHbuyD69wuyQkImp2hWqMGB47OX65FBkPffO641IP9jWa1z4ivqG26Q==}
    dependencies:
      fs.realpath: 1.0.0
      inflight: 1.0.6
      inherits: 2.0.4
      minimatch: 3.0.4
      once: 1.4.0
      path-is-absolute: 1.0.1
    dev: true

  /has/1.0.3:
    resolution: {integrity: sha512-f2dvO0VU6Oej7RkWJGrehjbzMAjFp5/VKPp5tTpWIV4JHHZK1/BxbFRtf/siA2SWTe09caDmVtYYzWEIbBS4zw==}
    engines: {node: '>= 0.4.0'}
    dependencies:
      function-bind: 1.1.1
    dev: true

  /inflight/1.0.6:
    resolution: {integrity: sha1-Sb1jMdfQLQwJvJEKEHW6gWW1bfk=}
    dependencies:
      once: 1.4.0
      wrappy: 1.0.2
    dev: true

  /inherits/2.0.4:
    resolution: {integrity: sha512-k/vGaX4/Yla3WzyMCvTQOXYeIHvqOKtnqBduzTHpzpQZzAskKMhZ2K+EnBiSM9zGSoIFeMpXKxa4dYeZIQqewQ==}
    dev: true

  /is-core-module/2.7.0:
    resolution: {integrity: sha512-ByY+tjCciCr+9nLryBYcSD50EOGWt95c7tIsKTG1J2ixKKXPvF7Ej3AVd+UfDydAJom3biBGDBALaO79ktwgEQ==}
    dependencies:
      has: 1.0.3
    dev: true

  /is-module/1.0.0:
    resolution: {integrity: sha1-Mlj7afeMFNW4FdZkM2tM/7ZEFZE=}
    dev: true

  /is-reference/1.2.1:
    resolution: {integrity: sha512-U82MsXXiFIrjCK4otLT+o2NA2Cd2g5MLoOVXUZjIOhLurrRxpEXzI8O0KZHr3IjLvlAH1kTPYSuqer5T9ZVBKQ==}
    dependencies:
      '@types/estree': 0.0.50
    dev: true

  /just-camel-case/6.0.1:
    resolution: {integrity: sha512-cFuLe+LDw0sOLDiaftpasYMNe3g8X5BZbmJcr9GZ8nL8ViR5x6ML3KrAq1+nftFJ+lesSr1nZKsCNp8WcN8O8A==}
    dev: false

  /just-capitalize/3.0.1:
    resolution: {integrity: sha512-GPvagN7Y2IdNFdFh8wRtE0AoxjA+0zAOF+XS8i2Di+aNdTZ0SAb5bARqjklOxVgIUTBfTv6MqqrRmdGjnLbkQA==}
    dev: false

  /just-cartesian-product/4.0.2:
    resolution: {integrity: sha512-eo+A+I3CT0+yRDU7jYFUMRS9x8Nnbvza/xeppF+qhWK567ZWBnd6+TtRUvknoYf3dhD9SpkRV4kNXuSwV2U78A==}
    dev: false

  /just-clamp/4.0.1:
    resolution: {integrity: sha512-iWB5ByVHheL9RndaiE82CG8JwUtuG73rnEyDp1ZUy1R0MmDWVnEE12RJ/n2vDIv2ZcLaQtyUhCSIad1EU4HYzg==}
    dev: false

  /just-clone/5.0.1:
    resolution: {integrity: sha512-y6hFQ8X4fhJTZzdNvrE9mnCQX33uN4xV0hZ+5WNgs6yCcrRzs9ieFXuYRKznWqQ/gOSZpJu0yQ6hRHLCU6ezyw==}
    dev: false

  /just-compact/3.0.1:
    resolution: {integrity: sha512-DX7S21zUFRcie7TjDEQUK/7XDZrx1AuNF8RSavai9fhOcTbOw9TptXKdtVaCEoWrh2D7y9vGbmREToFRzSMvfw==}
    dev: false

  /just-compare/2.0.1:
    resolution: {integrity: sha512-BWxD24tXN+NGf4S8klbSBZNp/xc/IoLeBAyorOPaiI2uYjLNMfR5flDV54MYoub3J2H8c2oxn8Vhoi7orMoLtQ==}
    dev: false

  /just-compose/2.1.0:
    resolution: {integrity: sha512-Fe0b2358630hMNb4FUbJ7Q0IwFI5QCsZesojfQO7WMv2Lb58hDhN1use6plZ8IWnslGoCcMT6cqPovAd1hheRg==}
    dev: false

  /just-curry-it/5.0.1:
    resolution: {integrity: sha512-qct1+39Nk/QmrbqN6Tm1JgoLs1OaspjrHnsdoSJ0U8ZVu36JXk/XYyhTes9ORBRg/mvLGYBnqIfZlUSILJHoHg==}
    dev: false

  /just-debounce-it/3.0.1:
    resolution: {integrity: sha512-6EQWOpRV8fm/ame6XvGBSxvsjoMbqj7JS9TV/4Q9aOXt9DQw22GBfTGP6gTAqcBNN/PbzlwtwH7jtM0k9oe9pg==}
    dev: false

  /just-deep-map-values/1.0.0:
    resolution: {integrity: sha512-rLmRYzJUOmKyDiSYdNXyyAOFdYZfjsna33BpS1ApWDWYFEsxAX2CVEi2WEdLOibrd+f+UK16fiiSO5ZJTMiKWQ==}
    dev: false

  /just-demethodize/3.0.1:
    resolution: {integrity: sha512-jPdSTsT2uRsXDsSbubzaGOAmnZcBuo6iZ7L8ZkxKlObcg2k1Rtuf4MSrgIfLsvlkxtC00siYOtygrb4nmNQ3IA==}
    dev: false

  /just-diff-apply/5.1.1:
    resolution: {integrity: sha512-l5mGBU3eFTw3PblfEXmQr3RpH6/1HDhRT+jxhjD7L0UYWjVvL1Y9r4GA25DoMzc5arZH0U1m24r0qo1SSOlSgA==}
    dev: false

  /just-diff/5.0.1:
    resolution: {integrity: sha512-X00TokkRIDotUIf3EV4xUm6ELc/IkqhS/vPSHdWnsM5y0HoNMfEqrazizI7g78lpHvnRSRt/PFfKtRqJCOGIuQ==}
    dev: false

  /just-entries/2.0.1:
    resolution: {integrity: sha512-GdhGyGSENMNM26w3/O4QCKjnfHS00t9ucjBzVwUPkL22UAT3sWo4rLQzTVQUIZdmVTZZe1b29h9Zhy7jeL2qcw==}
    dev: false

  /just-extend/6.0.1:
    resolution: {integrity: sha512-CrwyGHRQ22XObWsZPQdnKlLLuCPj95OQ9HrLYdfjymCsYoYj7HPMFNrgqPW/LJjhK+CnVZAtftVSfo8Wr33RTA==}
    dev: false

  /just-filter-object/3.0.1:
    resolution: {integrity: sha512-H1z7tFvyTPr8lIHalaEeRFGek16WsWj6OHD0TiJHReAwO7MUwkmtbPzPu7L20w4adFINSJGwoxIt+IZLXLbDBw==}
    dev: false

  /just-flatten-it/5.0.1:
    resolution: {integrity: sha512-tbh2Gu/gDuankZcdSVXaIcZ+PwTyrPBbNQfpga/l0IrNa4qE/koejib3lciAD44LNtxzor8iq5EPnh/wuDIL2w==}
    dev: false

  /just-flip-object/2.1.0:
    resolution: {integrity: sha512-w13kMOUDmMlEIaffuVYz+EhwqYNXcIkSNZ5EPhW1bY6QVUjA8vchiOoWYxRkOT4Hyu00J/TP0+srKBP81SxTkQ==}
    dev: false

  /just-flip/2.0.1:
    resolution: {integrity: sha512-RSaaHHWJeyR91Te5GN3Cn+DVha9+NMSkgR29pHPyTkQ9luPWUJSfEtyiyzJgv5AX4YJ/H88GMDkQu6ITNSLe0A==}
    dev: false

  /just-flush/2.1.0:
    resolution: {integrity: sha512-vczPBFnKgWO6j8BqJqaDHbw+3QW3f9a9lg5ZxHFo0JZBpg3Q7lESHPzfyLRNNhZM6+WMROPCHxG//HPVUOReXw==}
    dev: false

  /just-group-by/2.0.1:
    resolution: {integrity: sha512-ZSrnAbsqNTKZ5M/WUyY6dovi2m1M6OM98eGkkjwXwLxdm4jy4/M6dBYpqlTvhvwbySW2NvsivoR2jSP0YR3qng==}
    dev: false

  /just-index/4.0.1:
    resolution: {integrity: sha512-RP6Cjva53eQmdyi9OezZtvHMkouKZgQTH/RcWhKvygAiUmPkrf393abMKnmuhI/nzmTNk+dpSR/a1Dyb01j9+A==}
    dev: false

  /just-insert/3.0.1:
    resolution: {integrity: sha512-p9f1efHbmdL4ddsrZuf+w0L5yHgPnpfLYLzD+rXX65+ZDJ5aGveUOqIfA1BcWuLbhACD461w2qlj/PMe6u6eFQ==}
    dev: false

  /just-intersect/4.0.2:
    resolution: {integrity: sha512-6E/XHd34Y2yOQa8eBeMYsl8F/GqiK/Wr/17uFv9Cbc6jXMdJGu1r9utBMp+emTnsBjxD4sJnBmGzOyx4LEGCwQ==}
    dev: false

  /just-is-circular/2.0.1:
    resolution: {integrity: sha512-NIutyfxW1+sdaQCL2yopt1jRQmEeIGAQxS1u6cHLdACihFLdwpwtWuDito1jadsUEZcR82WWGv2HbAlrPW1MPQ==}
    dev: false

  /just-is-empty/3.1.1:
    resolution: {integrity: sha512-K5qqMF6PTkM/L4t/CqCyh3DZYGqlBa+wzH5PR9EkheZUjGnTG4zP414CG2OEeWDTrDVvfyLINQaEeul65JIH2w==}
    dev: false

  /just-is-prime/2.0.1:
    resolution: {integrity: sha512-Bm1ff/Zwitm2DHLLLIfkHmO7gQy4IOh6PYZWVWvZmUwNwAUEIwwG41TquFe5Vsm6dqldw9mcTWO2SKxinmyFKg==}
    dev: false

  /just-is-primitive/2.1.0:
    resolution: {integrity: sha512-0eJPsD5FL8BvF0XDT3tOH19hxKXqDaCggRKUuutZOrNCWwAmesxomucz9mLqRgfolMwuUT0Cd4e9X6YU9KmuhA==}
    dev: false

  /just-kebab-case/4.0.1:
    resolution: {integrity: sha512-rl9p38LRKwwhE3THotBcOhHLbFzMBHdkyKl1oQrtvuXX/eMXJS0zukzAbyWG8jEntaaRaIveajHfpjOI4tjpbA==}
    dev: false

  /just-last/3.0.1:
    resolution: {integrity: sha512-VRpII2eIZ7UFDta3WnGkCZUagKSGYeflP7r6xgn55jsaULkcI79J0xwIp+V2gjFn/lT2hUvWgc18qRDLgiKy8g==}
    dev: false

  /just-left-pad/3.0.1:
    resolution: {integrity: sha512-t7GmTF7Eu/3GnOvV2lYmSbAzmXx6JHetAGF1N7fF1aPIzu4wQDCdxeoOPqP4MbHeWO3WBibj1D3EJpcB5l2BZQ==}
    dev: false

  /just-map-keys/2.1.1:
    resolution: {integrity: sha512-HkfBQo5x9EpLaSDlgkGerRnkLGTPk1wa6Vp5cU4IQLGeOxTZvdFLEIJLLZpQPAq8bCiAxTbT0tf8VavwOv+enQ==}
    dev: false

  /just-map-object/2.1.0:
    resolution: {integrity: sha512-n/w7At2w7GvKIayvf/9AKEM7KZAooFyp73GVQ6nnQK98uSO52vr3N8m2FwMBVaJQ+syCMpjfv+1TTgdNPkOmEg==}
    dev: false

  /just-map-values/3.0.2:
    resolution: {integrity: sha512-bPrvJIZ/0QbrsnrY1f8JxfPZ7joimSecUeYjoxVctBTYxjRKjtVU1QMgAJCK5RTo5bNGonVY7FxrwQ+gQrIyww==}
    dev: false

  /just-mean/2.0.1:
    resolution: {integrity: sha512-GLCRDvj4RZplrrsKe00SirRx6mkMEWA2jY3nr7yWEM72isBFXZYFRqGQE7zWGzOJHGAmUiBOC+C5IyNrd/81og==}
    dev: false

  /just-median/2.0.1:
    resolution: {integrity: sha512-xifqMwj/eqdgD57dUpQ7ztJfOkXu/TaBZE1pkKJACke78mGC8otAz9P+1xYXXSvtmSTCTgg+y7UIZ7NESO9Upw==}
    dev: false

  /just-memoize-last/3.0.1:
    resolution: {integrity: sha512-Fp6EehqSjdlq2BWcyzUhRpMSCzdXQgASaVrgXAotVM4lylC8cMiJYuBQkbWlw+VkOKHUbWLyovbeVNiJeQ47OA==}
    dev: false

  /just-memoize/2.0.1:
    resolution: {integrity: sha512-FuKb6BEz7Z09o6XF7NklWVrFGj0hnVx/jHr8dtAI//FM6hyXIPT6TGCI3MOzA5ma2nwZV5qiZYpvDRAzjcmIsw==}
    dev: false

  /just-merge/3.0.1:
    resolution: {integrity: sha512-NAwyt7KvIhHFRkLNlwor8cMs//ni72uBNL5Eev4WF/6v2xgEyWglv+z7V5EtW9jKYxbYCvt9EwsLeVlpHCEOCA==}
    dev: false

  /just-mode/2.0.1:
    resolution: {integrity: sha512-s2BKSMwPmFdL5g+lK8g3wYJVkOqvk2KrRoaX3Wm1BGszX0yfWBp/hdylMBKPQ17SP+PaYSNPHMsR1a1mlltWWg==}
    dev: false

  /just-modulo/2.0.1:
    resolution: {integrity: sha512-B1wXBHSdFucdEuSdR2Fk8+kpKcSML0o6WrOcK2XFx4OM4TXi+NouXcIKs1YuHDzy1ebT702/EBDxgsk7PN020Q==}
    dev: false

  /just-omit/2.0.1:
    resolution: {integrity: sha512-gmMf9DSGjx+PJFr7P7zcZk4hpKvb/iLTmXjArvtvr2zg8JvcXyAjPtJItX4Lx8BCUk3UAtJiacu4no9h9mv6mg==}
    dev: false

  /just-once/2.0.1:
    resolution: {integrity: sha512-r/s9ilXHAh+uia0/HaHe/ZxvTX9JbCDjtwEwVe7YhSzIZ4vBiCz4MB4Acij1wegnWoytnhkAfQWYZ2SI9Z1n/g==}
    dev: false

  /just-partial-it/3.0.2:
    resolution: {integrity: sha512-Q9M/BwEYgh2+SJDM/YS75p0M/ZUO0mRVpXX4uECwB/94KCXS1WadsvT9jtw7Br+ld8/VPPOp/QlZUqecABY2cg==}
    dev: false

  /just-partition/2.0.1:
    resolution: {integrity: sha512-z8kJsanBnnFPjWh3121soSrZ2uEgqas+Qs5vUhfACHFvOv6JIBaxg1+KcKBQowa91hnB1vARXi54lIhToqJ0hg==}
    dev: false

  /just-pascal-case/3.0.1:
    resolution: {integrity: sha512-8jLoc17+DcYoxAFJujmsoRU9+G9mlcByKRTwSJw1bsydynMo5TTgxsm4mDii/E4h1zRmzoscY+qm4eKB+l6mpQ==}
    dev: false

  /just-percentile/4.0.0:
    resolution: {integrity: sha512-NBC3av0inOAWAaIKUKSVxI7o/pTk5MJdICBWwfXARev8obrwFbgoDRctftzke/jCt7HECF/I2/LSIJR1F0gUzg==}
    dev: false

  /just-permutations/2.0.1:
    resolution: {integrity: sha512-i/5Zpw3ByRpecMEt3aUZ5rZWH9X0ZiTX4opcmKHg1i5HqPPj6p+gcrqFQTlFM0WO/BBo7GI5QDibeqCV7NWX4A==}
    dev: false

  /just-pick/4.0.1:
    resolution: {integrity: sha512-8+xh2htMkCqrOzh1hhNF1RYh3WbC6JbdRrA8rPMQcvd/pw2DT5wgIsQKfwh/qwc/CJ0Lev95c1e0jlJHN9T5Gw==}
    dev: false

  /just-pluck-it/2.1.0:
    resolution: {integrity: sha512-/BS/Jr1ZnO8jDunrfARrSCfxBnsrNMOGUz28e9RgasqIir+9HLDLzfFzwHCl+Ity++O433tMF5oQRwslC9F4HA==}
    dev: false

  /just-prune/2.0.1:
    resolution: {integrity: sha512-xlBPk/3KV7rX1yNyv2s1mr7lIx9/hk+uNsipz7BPssRMbm6SC7qDiTuGJXaEgWYufBBbiHlcdyVmoYk01ixwbw==}
    dev: false

  /just-random/3.0.1:
    resolution: {integrity: sha512-JOp2xkWZcPNEsDRJOWupw/qJhqUakcNi1gXCqRyix00jUJP37aJUaHuyjeQLC1Vg6ts+cNWWGifdHmP88A6uvA==}
    dev: false

  /just-range/4.0.1:
    resolution: {integrity: sha512-95Nge5VEn5QiwASJa4QlCLUSyG0QpHwHmhFQUN0Qg5nazqWkxzbVvcEY0xr4ZqXzOlJAQK0KDCVjF0EmseHNXA==}
    dev: false

  /just-reduce-object/2.0.1:
    resolution: {integrity: sha512-NAZxo+13ve79h3j9B29haA9YLSedHuODI5hYP9yX3pwmkSGiIkUhaQaa20S6gJ3wI0911R2jQdsSZIiLOpAf/A==}
    dev: false

  /just-remove/3.0.1:
    resolution: {integrity: sha512-TUn9bQgOjL+eQyvGrD0Pov0JWik6TGaQHqCSB4bPES7f5CfrS2lh+b4E37eYxEBpHvFpn2ig3fNfu3FJl5albA==}
    dev: false

  /just-replace-all/2.0.1:
    resolution: {integrity: sha512-PldmArh8MCexLqmgWKAbmIyR7xh/1XjGUJomeItI7yAB/Uo00UWqRFK0khnY8R9XBrDWmsA71lz5UOUrVGKMzQ==}
    dev: false

  /just-right-pad/3.0.1:
    resolution: {integrity: sha512-fiKu+EQmQmN/9KVxMi1Cg20o7b559lPPgALa7fNN7A4fOm5qPbkSmd0ef3KgkbVhF2VsNJL/lcGj77GmQhUclg==}
    dev: false

  /just-safe-get/4.0.1:
    resolution: {integrity: sha512-Yet2Cf1s0h8Jh0A1CMBkR/C4nIN+pCJ4vN7aNk0Eo3d/QhnpWWPEMaxlIxAiH4bUdRCfdJonFabClf21Ls5NMA==}
    dev: false

  /just-safe-set/4.0.2:
    resolution: {integrity: sha512-tAIYsHB6pC7o2/+UtquHOYT4jaboA97W+9nYij0boNnjK66G5avPZpHYIpj99dCzOSNWBO8/+k9+gdgadHF2Mw==}
    dev: false

  /just-shuffle/4.0.1:
    resolution: {integrity: sha512-zi6tkAMmnrMc39Tmxma7uEJ4c/NmzreJYHNqpZZ5CR8DluhfarzSmAZ/Tr3HjCYJrXajX6L+rEmC2Z/Fq3uuyg==}
    dev: false

  /just-skewness/2.0.1:
    resolution: {integrity: sha512-3Ag9hCoFW8zbQMRBkthr0iI8jYU2l27vyL4K3XmHPWkI7p0M779CYKMY0dSyPAWpVtx3iIKel703pZoJ5sHiEw==}
    dev: false

  /just-snake-case/3.0.1:
    resolution: {integrity: sha512-h2fbGA9baefofrXBowSWk38a0oTvh+8pdxYv8eqtblrYHqehkG+D9gEWCj9XmNOSFOX+O493ciZa4fFRzA9b1A==}
    dev: false

  /just-sort-by/3.0.1:
    resolution: {integrity: sha512-8BsCipdp9UUcaAV6ThF+pnlBtD/sAkT11Qfy3o9aKYEokOBQBhRXOBYX3MH7Xuep74+3t/PwLEzIGK8etAhxqg==}
    dev: false

  /just-split-at/3.0.1:
    resolution: {integrity: sha512-MseFka0DOJ5DVq//vf/4FrIXFWFktH11YpwH0KNitrx7JcLXxsleLBZmpgz+P23eUEPWJariGeN+C02OZ2BtQQ==}
    dev: false

  /just-split/3.0.1:
    resolution: {integrity: sha512-KAB4lfodDbN5CkOKMni21qzjqPYvUMYxehl+Dw+onqqNZ+r7NWcY5RHOi0Nj36fEoWXNktDngXDEcUlRYjZLUA==}
    dev: false

  /just-squash/2.0.1:
    resolution: {integrity: sha512-gCLsEFfW+RrgqcgBZxb1vnZhc2uQynvZNrSOEh0QrAP6hJZUFlFPvn/QWq0gLwcgN2rn2SKAXlckMSEb4Rd6tg==}
    dev: false

  /just-standard-deviation/2.0.1:
    resolution: {integrity: sha512-fTILZxibVwrM7lTXzvB4z2VflBXGLHSNuA72Y+dVyJkcoscfHljc0pU6pzvbZcnYzio/6YQvpvk16+HMj8uaTQ==}
    dev: false

  /just-tail/3.0.2:
    resolution: {integrity: sha512-0iQUd/ama1qNyX22JOvkafSIbCugl7AR7kBd7hWZ+66GHiUKCFDIoESKotJVFOtlG+o98XuMvqRAZJHUmGdSoA==}
    dev: false

  /just-template/2.0.1:
    resolution: {integrity: sha512-DWcJotx7GC+2578raHC5C8GTBEhaAxhhMP/cDNFkzNxyoZvrocegj5Ij1h9AilfKv3R4I3XYUeqqjH7DBYvBXQ==}
    dev: false

  /just-throttle/4.0.1:
    resolution: {integrity: sha512-BC3LgilNVj4WQt2vj4//4n/UHSQtkl5P5fz+aOZ+c0t1sjIzBeIFL2+5T32MhTs4YrKjAgNo2DT/VRh/NwQOZA==}
    dev: false

  /just-truncate/2.0.1:
    resolution: {integrity: sha512-e3eGIzusojioqFvgPg3m43U3UvNb+E56IZcq2U4YRg8/LtGStC8ih/wMzCQvCihHyAhO2XTVg6ByPdbkxgqXPw==}
    dev: false

  /just-typeof/3.0.1:
    resolution: {integrity: sha512-z733yfJ1gfOTvVD8nGCY7X9MKoAd61B2pCaeNJiSODxOK7rKS1/8NsFEotgFIzYHvwyJEQYINMqg3+VYPl2Brw==}
    dev: false

  /just-union/3.0.1:
    resolution: {integrity: sha512-re3qIrUzGhNLrtiGYJU497l3a2nfzB2Cbha01T1mJH8HWI0S8pnev+XKpK1QPH3nvZndhbBru11amcMb/6YqDg==}
    dev: false

  /just-unique/4.0.1:
    resolution: {integrity: sha512-rUeSLN44eynoLqpWa/J73f4fGEGoUxBw+3KPCABN2CkCQuP/7WYS6BSQ8/YIIB5wAEdzfHeJhYPfoYIi95UywA==}
    dev: false

  /just-values/2.0.1:
    resolution: {integrity: sha512-Y3NFC9MG8pr4jKMXW7Kz+0UXI2gTR9kT36mlLYS3xpa33fmpElsB/tE0hwqcQ43FDbx41aax3mObqqRnEkud7w==}
    dev: false

  /just-variance/2.0.1:
    resolution: {integrity: sha512-w4KiaPDZjOKn3y0IXyAxBYACJ4t3m4cgvbMo98HycZyJolNXVKtOXEzdf3xTyKLw1IHi6X/ZoJm91mfWzwgiuA==}
    dev: false

  /just-zip-it/3.0.1:
    resolution: {integrity: sha512-7FXwC9fb6Bi9nhLSq7jCmWFb99vaAUloD54+OYEDiULD5PyTp4iNyDVEf+vmWlpsEiSezjhGDvuz45WJBylukg==}
    dev: false

  /magic-string/0.25.7:
    resolution: {integrity: sha512-4CrMT5DOHTDk4HYDlzmwu4FVCcIYI8gauveasrdCu2IKIFOJ3f0v/8MDGJCDL9oD2ppz/Av1b0Nj345H9M+XIA==}
    dependencies:
      sourcemap-codec: 1.4.8
    dev: true

  /minimatch/3.0.4:
    resolution: {integrity: sha512-yJHVQEhyqPLUTgt9B83PXu6W3rx4MvvHvSUvToogpwoGDOUQ+yDrR0HRot+yOCdCO7u4hX3pWft6kWBBcqh0UA==}
    dependencies:
      brace-expansion: 1.1.11
    dev: true

  /once/1.4.0:
    resolution: {integrity: sha1-WDsap3WWHUsROsF9nFC6753Xa9E=}
    dependencies:
      wrappy: 1.0.2
    dev: true

  /path-is-absolute/1.0.1:
    resolution: {integrity: sha1-F0uSaHNVNP+8es5r9TpanhtcX18=}
    engines: {node: '>=0.10.0'}
    dev: true

  /path-parse/1.0.7:
    resolution: {integrity: sha512-LDJzPVEEEPR+y48z93A0Ed0yXb8pAByGWo/k5YYdYgpY2/2EsOsksJrq7lOHxryrVOn1ejG6oAp8ahvOIQD8sw==}
    dev: true

  /picomatch/2.3.0:
    resolution: {integrity: sha512-lY1Q/PiJGC2zOv/z391WOTD+Z02bCgsFfvxoXXf6h7kv9o+WmsmzYqrAwY63sNgOxE4xEdq0WyUnXfKeBrSvYw==}
    engines: {node: '>=8.6'}
    dev: true

  /prettier/2.5.1:
    resolution: {integrity: sha512-vBZcPRUR5MZJwoyi3ZoyQlc1rXeEck8KgeC9AwwOn+exuxLxq5toTRDTSaVrXHxelDMHy9zlicw8u66yxoSUFg==}
    engines: {node: '>=10.13.0'}
    hasBin: true
    dev: true

  /resolve/1.20.0:
    resolution: {integrity: sha512-wENBPt4ySzg4ybFQW2TT1zMQucPK95HSh/nq2CFTZVOGut2+pQvSsgtda4d26YrYcr067wjbmzOG8byDPBX63A==}
    dependencies:
      is-core-module: 2.7.0
      path-parse: 1.0.7
    dev: true

  /rollup/2.66.0:
    resolution: {integrity: sha512-L6mKOkdyP8HK5kKJXaiWG7KZDumPJjuo1P+cfyHOJPNNTK3Moe7zCH5+fy7v8pVmHXtlxorzaBjvkBMB23s98g==}
    engines: {node: '>=10.0.0'}
    hasBin: true
    optionalDependencies:
      fsevents: 2.3.2
    dev: true

  /sourcemap-codec/1.4.8:
    resolution: {integrity: sha512-9NykojV5Uih4lgo5So5dtw+f0JgJX30KCNI8gwhz2J9A15wD0Ml6tjHKwf6fTSa6fAdVBdZeNOs9eJ71qCk8vA==}
    dev: true

  /tslib/2.3.1:
    resolution: {integrity: sha512-77EbyPPpMz+FRFRuAFlWMtmgUWGe9UOG2Z25NqCwiIjRhOf5iKGuzSe5P2w1laq+FkRy4p+PCuVkJSGkzTEKVw==}
    dev: true

  /tsm/2.2.1:
    resolution: {integrity: sha512-qvJB0baPnxQJolZru11mRgGTdNlx17WqgJnle7eht3Vhb+VUR4/zFA5hFl6NqRe7m8BD9w/6yu0B2XciRrdoJA==}
    engines: {node: '>=12'}
    hasBin: true
    dependencies:
      esbuild: 0.14.13
    dev: true

  /type-fest/2.10.0:
    resolution: {integrity: sha512-u2yreDMllFI3VCpWt0rKrGs/E2LO0YHBwiiOIj+ilQh9+ALMaa4lNBSdoDvuHN3cbKcYk9L1BXP49x9RT+o/SA==}
    engines: {node: '>=12.20'}
    dev: true

  /typescript/4.5.5:
    resolution: {integrity: sha512-TCTIul70LyWe6IJWT8QSYeA54WQe8EjQFU4wY52Fasj5UKx88LNYKCgBEHcOMOrFF1rKGbD8v/xcNWVUq9SymA==}
    engines: {node: '>=4.2.0'}
    hasBin: true
    dev: true

  /wrappy/1.0.2:
    resolution: {integrity: sha1-tSQ9jz7BqjXxNkYFvA0QNuMKtp8=}
    dev: true
