lockfileVersion: 5.4

specifiers:
  '@rollup/plugin-commonjs': ^24.0.1
  '@rollup/plugin-node-resolve': ^15.0.1
  '@rollup/plugin-typescript': ^11.0.0
  '@types/node': ^18.11.18
  '@types/prettier': ^2.7.2
  just-camel-case: ^6.2.0
  just-capitalize: ^3.2.0
  just-cartesian-product: ^4.2.0
  just-clamp: ^4.2.0
  just-clone: ^6.2.0
  just-compact: ^3.2.0
  just-compare: ^2.3.0
  just-compose: ^2.3.0
  just-curry-it: ^5.3.0
  just-debounce-it: ^3.2.0
  just-deep-map-values: ^1.2.0
  just-demethodize: ^3.2.0
  just-diff: ^5.2.0
  just-diff-apply: ^5.5.0
  just-entries: ^2.3.0
  just-extend: ^6.2.0
  just-filter-object: ^3.2.0
  just-flatten-it: ^5.2.0
  just-flip: ^2.2.0
  just-flip-object: ^2.3.0
  just-flush: ^2.3.0
  just-group-by: ^2.2.0
  just-index: ^4.2.0
  just-insert: ^3.2.0
  just-intersect: ^4.3.0
  just-is-circular: ^2.2.0
  just-is-empty: ^3.3.0
  just-is-prime: ^2.3.0
  just-is-primitive: ^2.3.0
  just-kebab-case: ^4.2.0
  just-last: ^3.2.0
  just-left-pad: ^3.2.0
  just-map-keys: ^2.3.0
  just-map-object: ^2.3.0
  just-map-values: ^3.2.0
  just-mean: ^2.2.0
  just-median: ^2.2.0
  just-memoize: ^2.2.0
  just-memoize-last: ^3.2.0
  just-merge: ^3.2.0
  just-mode: ^2.2.0
  just-modulo: ^2.2.0
  just-omit: ^2.2.0
  just-once: ^2.2.0
  just-partial-it: ^3.4.0
  just-partition: ^2.2.0
  just-pascal-case: ^3.2.0
  just-percentile: ^4.2.0
  just-permutations: ^2.2.1
  just-pick: ^4.2.0
  just-pluck-it: ^2.3.0
  just-prune: ^2.2.0
  just-random: ^3.2.0
  just-range: ^4.2.0
  just-reduce-object: ^2.3.0
  just-remove: ^3.2.0
  just-replace-all: ^2.2.0
  just-right-pad: ^3.2.0
  just-safe-get: ^4.2.0
  just-safe-set: ^4.2.0
  just-shuffle: ^4.2.0
  just-skewness: ^2.2.0
  just-snake-case: ^3.2.0
  just-sort-by: ^3.2.0
  just-split: ^3.2.0
  just-split-at: ^3.2.0
  just-squash: ^2.2.0
  just-standard-deviation: ^2.2.0
  just-tail: ^3.2.0
  just-template: ^2.2.0
  just-throttle: ^4.2.0
  just-truncate: ^2.2.0
  just-typeof: ^3.2.0
  just-union: ^3.2.0
  just-unique: ^4.2.0
  just-values: ^2.2.0
  just-variance: ^2.2.0
  just-zip-it: ^3.2.0
  prettier: ^2.8.3
  rollup: ^3.10.1
  tslib: ^2.4.1
  tsx: ^3.12.2
  type-fest: ^3.5.3
  typescript: ^4.9.4

dependencies:
  just-camel-case: 6.2.0
  just-capitalize: 3.2.0
  just-cartesian-product: 4.2.0
  just-clamp: 4.2.0
  just-clone: 6.2.0
  just-compact: 3.2.0
  just-compare: 2.3.0
  just-compose: 2.3.0
  just-curry-it: 5.3.0
  just-debounce-it: 3.2.0
  just-deep-map-values: 1.2.0
  just-demethodize: 3.2.0
  just-diff: 5.2.0
  just-diff-apply: 5.5.0
  just-entries: 2.3.0
  just-extend: 6.2.0
  just-filter-object: 3.2.0
  just-flatten-it: 5.2.0
  just-flip: 2.2.0
  just-flip-object: 2.3.0
  just-flush: 2.3.0
  just-group-by: 2.2.0
  just-index: 4.2.0
  just-insert: 3.2.0
  just-intersect: 4.3.0
  just-is-circular: 2.2.0
  just-is-empty: 3.3.0
  just-is-prime: 2.3.0
  just-is-primitive: 2.3.0
  just-kebab-case: 4.2.0
  just-last: 3.2.0
  just-left-pad: 3.2.0
  just-map-keys: 2.3.0
  just-map-object: 2.3.0
  just-map-values: 3.2.0
  just-mean: 2.2.0
  just-median: 2.2.0
  just-memoize: 2.2.0
  just-memoize-last: 3.2.0
  just-merge: 3.2.0
  just-mode: 2.2.0
  just-modulo: 2.2.0
  just-omit: 2.2.0
  just-once: 2.2.0
  just-partial-it: 3.4.0
  just-partition: 2.2.0
  just-pascal-case: 3.2.0
  just-percentile: 4.2.0
  just-permutations: 2.2.1
  just-pick: 4.2.0
  just-pluck-it: 2.3.0
  just-prune: 2.2.0
  just-random: 3.2.0
  just-range: 4.2.0
  just-reduce-object: 2.3.0
  just-remove: 3.2.0
  just-replace-all: 2.2.0
  just-right-pad: 3.2.0
  just-safe-get: 4.2.0
  just-safe-set: 4.2.0
  just-shuffle: 4.2.0
  just-skewness: 2.2.0
  just-snake-case: 3.2.0
  just-sort-by: 3.2.0
  just-split: 3.2.0
  just-split-at: 3.2.0
  just-squash: 2.2.0
  just-standard-deviation: 2.2.0
  just-tail: 3.2.0
  just-template: 2.2.0
  just-throttle: 4.2.0
  just-truncate: 2.2.0
  just-typeof: 3.2.0
  just-union: 3.2.0
  just-unique: 4.2.0
  just-values: 2.2.0
  just-variance: 2.2.0
  just-zip-it: 3.2.0

devDependencies:
  '@rollup/plugin-commonjs': 24.0.1_rollup@3.10.1
  '@rollup/plugin-node-resolve': 15.0.1_rollup@3.10.1
  '@rollup/plugin-typescript': 11.0.0_p43amxpejtdwpxblcvkyxliyyq
  '@types/node': 18.11.18
  '@types/prettier': 2.7.2
  prettier: 2.8.3
  rollup: 3.10.1
  tslib: 2.4.1
  tsx: 3.12.2
  type-fest: 3.5.3
  typescript: 4.9.4

packages:

  /@esbuild-kit/cjs-loader/2.4.1:
    resolution: {integrity: sha512-lhc/XLith28QdW0HpHZvZKkorWgmCNT7sVelMHDj3HFdTfdqkwEKvT+aXVQtNAmCC39VJhunDkWhONWB7335mg==}
    dependencies:
      '@esbuild-kit/core-utils': 3.0.0
      get-tsconfig: 4.3.0
    dev: true

  /@esbuild-kit/core-utils/3.0.0:
    resolution: {integrity: sha512-TXmwH9EFS3DC2sI2YJWJBgHGhlteK0Xyu1VabwetMULfm3oYhbrsWV5yaSr2NTWZIgDGVLHbRf0inxbjXqAcmQ==}
    dependencies:
      esbuild: 0.15.18
      source-map-support: 0.5.21
    dev: true

  /@esbuild-kit/esm-loader/2.5.4:
    resolution: {integrity: sha512-afmtLf6uqxD5IgwCzomtqCYIgz/sjHzCWZFvfS5+FzeYxOURPUo4QcHtqJxbxWOMOogKriZanN/1bJQE/ZL93A==}
    dependencies:
      '@esbuild-kit/core-utils': 3.0.0
      get-tsconfig: 4.3.0
    dev: true

  /@esbuild/android-arm/0.15.18:
    resolution: {integrity: sha512-5GT+kcs2WVGjVs7+boataCkO5Fg0y4kCjzkB5bAip7H4jfnOS3dA6KPiww9W1OEKTKeAcUVhdZGvgI65OXmUnw==}
    engines: {node: '>=12'}
    cpu: [arm]
    os: [android]
    requiresBuild: true
    dev: true
    optional: true

  /@esbuild/linux-loong64/0.15.18:
    resolution: {integrity: sha512-L4jVKS82XVhw2nvzLg/19ClLWg0y27ulRwuP7lcyL6AbUWB5aPglXY3M21mauDQMDfRLs8cQmeT03r/+X3cZYQ==}
    engines: {node: '>=12'}
    cpu: [loong64]
    os: [linux]
    requiresBuild: true
    dev: true
    optional: true

  /@jridgewell/sourcemap-codec/1.4.14:
    resolution: {integrity: sha512-XPSJHWmi394fuUuzDnGz1wiKqWfo1yXecHQMRf2l6hztTO+nPru658AyDngaBe7isIxEkRsPR3FZh+s7iVa4Uw==}
    dev: true

  /@rollup/plugin-commonjs/24.0.1_rollup@3.10.1:
    resolution: {integrity: sha512-15LsiWRZk4eOGqvrJyu3z3DaBu5BhXIMeWnijSRvd8irrrg9SHpQ1pH+BUK4H6Z9wL9yOxZJMTLU+Au86XHxow==}
    engines: {node: '>=14.0.0'}
    peerDependencies:
      rollup: ^2.68.0||^3.0.0
    peerDependenciesMeta:
      rollup:
        optional: true
    dependencies:
      '@rollup/pluginutils': 5.0.2_rollup@3.10.1
      commondir: 1.0.1
      estree-walker: 2.0.2
      glob: 8.1.0
      is-reference: 1.2.1
      magic-string: 0.27.0
      rollup: 3.10.1
    dev: true

  /@rollup/plugin-node-resolve/15.0.1_rollup@3.10.1:
    resolution: {integrity: sha512-ReY88T7JhJjeRVbfCyNj+NXAG3IIsVMsX9b5/9jC98dRP8/yxlZdz7mHZbHk5zHr24wZZICS5AcXsFZAXYUQEg==}
    engines: {node: '>=14.0.0'}
    peerDependencies:
      rollup: ^2.78.0||^3.0.0
    peerDependenciesMeta:
      rollup:
        optional: true
    dependencies:
      '@rollup/pluginutils': 5.0.2_rollup@3.10.1
      '@types/resolve': 1.20.2
      deepmerge: 4.2.2
      is-builtin-module: 3.2.0
      is-module: 1.0.0
      resolve: 1.22.1
      rollup: 3.10.1
    dev: true

  /@rollup/plugin-typescript/11.0.0_p43amxpejtdwpxblcvkyxliyyq:
    resolution: {integrity: sha512-goPyCWBiimk1iJgSTgsehFD5OOFHiAknrRJjqFCudcW8JtWiBlK284Xnn4flqMqg6YAjVG/EE+3aVzrL5qNSzQ==}
    engines: {node: '>=14.0.0'}
    peerDependencies:
      rollup: ^2.14.0||^3.0.0
      tslib: '*'
      typescript: '>=3.7.0'
    peerDependenciesMeta:
      rollup:
        optional: true
      tslib:
        optional: true
    dependencies:
      '@rollup/pluginutils': 5.0.2_rollup@3.10.1
      resolve: 1.22.1
      rollup: 3.10.1
      tslib: 2.4.1
      typescript: 4.9.4
    dev: true

  /@rollup/pluginutils/5.0.2_rollup@3.10.1:
    resolution: {integrity: sha512-pTd9rIsP92h+B6wWwFbW8RkZv4hiR/xKsqre4SIuAOaOEQRxi0lqLke9k2/7WegC85GgUs9pjmOjCUi3In4vwA==}
    engines: {node: '>=14.0.0'}
    peerDependencies:
      rollup: ^1.20.0||^2.0.0||^3.0.0
    peerDependenciesMeta:
      rollup:
        optional: true
    dependencies:
      '@types/estree': 1.0.0
      estree-walker: 2.0.2
      picomatch: 2.3.1
      rollup: 3.10.1
    dev: true

  /@types/estree/1.0.0:
    resolution: {integrity: sha512-WulqXMDUTYAXCjZnk6JtIHPigp55cVtDgDrO2gHRwhyJto21+1zbVCtOYB2L1F9w4qCQ0rOGWBnBe0FNTiEJIQ==}
    dev: true

  /@types/node/18.11.18:
    resolution: {integrity: sha512-DHQpWGjyQKSHj3ebjFI/wRKcqQcdR+MoFBygntYOZytCqNfkd2ZC4ARDJ2DQqhjH5p85Nnd3jhUJIXrszFX/JA==}
    dev: true

  /@types/prettier/2.7.2:
    resolution: {integrity: sha512-KufADq8uQqo1pYKVIYzfKbJfBAc0sOeXqGbFaSpv8MRmC/zXgowNZmFcbngndGk922QDmOASEXUZCaY48gs4cg==}
    dev: true

  /@types/resolve/1.20.2:
    resolution: {integrity: sha512-60BCwRFOZCQhDncwQdxxeOEEkbc5dIMccYLwbxsS4TUNeVECQ/pBJ0j09mrHOl/JJvpRPGwO9SvE4nR2Nb/a4Q==}
    dev: true

  /balanced-match/1.0.2:
    resolution: {integrity: sha512-3oSeUO0TMV67hN1AmbXsK4yaqU7tjiHlbxRDZOpH0KW9+CeX4bRAaX0Anxt0tx2MrpRpWwQaPwIlISEJhYU5Pw==}
    dev: true

  /brace-expansion/2.0.1:
    resolution: {integrity: sha512-XnAIvQ8eM+kC6aULx6wuQiwVsnzsi9d3WxzV3FpWTGA19F621kwdbsAcFKXgKUHZWsy+mY6iL1sHTxWEFCytDA==}
    dependencies:
      balanced-match: 1.0.2
    dev: true

  /buffer-from/1.1.2:
    resolution: {integrity: sha512-E+XQCRwSbaaiChtv6k6Dwgc+bx+Bs6vuKJHHl5kox/BaKbhiXzqQOwK4cO22yElGp2OCmjwVhT3HmxgyPGnJfQ==}
    dev: true

  /builtin-modules/3.3.0:
    resolution: {integrity: sha512-zhaCDicdLuWN5UbN5IMnFqNMhNfo919sH85y2/ea+5Yg9TsTkeZxpL+JLbp6cgYFS4sRLp3YV4S6yDuqVWHYOw==}
    engines: {node: '>=6'}
    dev: true

  /commondir/1.0.1:
    resolution: {integrity: sha512-W9pAhw0ja1Edb5GVdIF1mjZw/ASI0AlShXM83UUGe2DVr5TdAPEA1OA8m/g8zWp9x6On7gqufY+FatDbC3MDQg==}
    dev: true

  /deepmerge/4.2.2:
    resolution: {integrity: sha512-FJ3UgI4gIl+PHZm53knsuSFpE+nESMr7M4v9QcgB7S63Kj/6WqMiFQJpBBYz1Pt+66bZpP3Q7Lye0Oo9MPKEdg==}
    engines: {node: '>=0.10.0'}
    dev: true

  /esbuild-android-64/0.15.18:
    resolution: {integrity: sha512-wnpt3OXRhcjfIDSZu9bnzT4/TNTDsOUvip0foZOUBG7QbSt//w3QV4FInVJxNhKc/ErhUxc5z4QjHtMi7/TbgA==}
    engines: {node: '>=12'}
    cpu: [x64]
    os: [android]
    requiresBuild: true
    dev: true
    optional: true

  /esbuild-android-arm64/0.15.18:
    resolution: {integrity: sha512-G4xu89B8FCzav9XU8EjsXacCKSG2FT7wW9J6hOc18soEHJdtWu03L3TQDGf0geNxfLTtxENKBzMSq9LlbjS8OQ==}
    engines: {node: '>=12'}
    cpu: [arm64]
    os: [android]
    requiresBuild: true
    dev: true
    optional: true

  /esbuild-darwin-64/0.15.18:
    resolution: {integrity: sha512-2WAvs95uPnVJPuYKP0Eqx+Dl/jaYseZEUUT1sjg97TJa4oBtbAKnPnl3b5M9l51/nbx7+QAEtuummJZW0sBEmg==}
    engines: {node: '>=12'}
    cpu: [x64]
    os: [darwin]
    requiresBuild: true
    dev: true
    optional: true

  /esbuild-darwin-arm64/0.15.18:
    resolution: {integrity: sha512-tKPSxcTJ5OmNb1btVikATJ8NftlyNlc8BVNtyT/UAr62JFOhwHlnoPrhYWz09akBLHI9nElFVfWSTSRsrZiDUA==}
    engines: {node: '>=12'}
    cpu: [arm64]
    os: [darwin]
    requiresBuild: true
    dev: true
    optional: true

  /esbuild-freebsd-64/0.15.18:
    resolution: {integrity: sha512-TT3uBUxkteAjR1QbsmvSsjpKjOX6UkCstr8nMr+q7zi3NuZ1oIpa8U41Y8I8dJH2fJgdC3Dj3CXO5biLQpfdZA==}
    engines: {node: '>=12'}
    cpu: [x64]
    os: [freebsd]
    requiresBuild: true
    dev: true
    optional: true

  /esbuild-freebsd-arm64/0.15.18:
    resolution: {integrity: sha512-R/oVr+X3Tkh+S0+tL41wRMbdWtpWB8hEAMsOXDumSSa6qJR89U0S/PpLXrGF7Wk/JykfpWNokERUpCeHDl47wA==}
    engines: {node: '>=12'}
    cpu: [arm64]
    os: [freebsd]
    requiresBuild: true
    dev: true
    optional: true

  /esbuild-linux-32/0.15.18:
    resolution: {integrity: sha512-lphF3HiCSYtaa9p1DtXndiQEeQDKPl9eN/XNoBf2amEghugNuqXNZA/ZovthNE2aa4EN43WroO0B85xVSjYkbg==}
    engines: {node: '>=12'}
    cpu: [ia32]
    os: [linux]
    requiresBuild: true
    dev: true
    optional: true

  /esbuild-linux-64/0.15.18:
    resolution: {integrity: sha512-hNSeP97IviD7oxLKFuii5sDPJ+QHeiFTFLoLm7NZQligur8poNOWGIgpQ7Qf8Balb69hptMZzyOBIPtY09GZYw==}
    engines: {node: '>=12'}
    cpu: [x64]
    os: [linux]
    requiresBuild: true
    dev: true
    optional: true

  /esbuild-linux-arm/0.15.18:
    resolution: {integrity: sha512-UH779gstRblS4aoS2qpMl3wjg7U0j+ygu3GjIeTonCcN79ZvpPee12Qun3vcdxX+37O5LFxz39XeW2I9bybMVA==}
    engines: {node: '>=12'}
    cpu: [arm]
    os: [linux]
    requiresBuild: true
    dev: true
    optional: true

  /esbuild-linux-arm64/0.15.18:
    resolution: {integrity: sha512-54qr8kg/6ilcxd+0V3h9rjT4qmjc0CccMVWrjOEM/pEcUzt8X62HfBSeZfT2ECpM7104mk4yfQXkosY8Quptug==}
    engines: {node: '>=12'}
    cpu: [arm64]
    os: [linux]
    requiresBuild: true
    dev: true
    optional: true

  /esbuild-linux-mips64le/0.15.18:
    resolution: {integrity: sha512-Mk6Ppwzzz3YbMl/ZZL2P0q1tnYqh/trYZ1VfNP47C31yT0K8t9s7Z077QrDA/guU60tGNp2GOwCQnp+DYv7bxQ==}
    engines: {node: '>=12'}
    cpu: [mips64el]
    os: [linux]
    requiresBuild: true
    dev: true
    optional: true

  /esbuild-linux-ppc64le/0.15.18:
    resolution: {integrity: sha512-b0XkN4pL9WUulPTa/VKHx2wLCgvIAbgwABGnKMY19WhKZPT+8BxhZdqz6EgkqCLld7X5qiCY2F/bfpUUlnFZ9w==}
    engines: {node: '>=12'}
    cpu: [ppc64]
    os: [linux]
    requiresBuild: true
    dev: true
    optional: true

  /esbuild-linux-riscv64/0.15.18:
    resolution: {integrity: sha512-ba2COaoF5wL6VLZWn04k+ACZjZ6NYniMSQStodFKH/Pu6RxzQqzsmjR1t9QC89VYJxBeyVPTaHuBMCejl3O/xg==}
    engines: {node: '>=12'}
    cpu: [riscv64]
    os: [linux]
    requiresBuild: true
    dev: true
    optional: true

  /esbuild-linux-s390x/0.15.18:
    resolution: {integrity: sha512-VbpGuXEl5FCs1wDVp93O8UIzl3ZrglgnSQ+Hu79g7hZu6te6/YHgVJxCM2SqfIila0J3k0csfnf8VD2W7u2kzQ==}
    engines: {node: '>=12'}
    cpu: [s390x]
    os: [linux]
    requiresBuild: true
    dev: true
    optional: true

  /esbuild-netbsd-64/0.15.18:
    resolution: {integrity: sha512-98ukeCdvdX7wr1vUYQzKo4kQ0N2p27H7I11maINv73fVEXt2kyh4K4m9f35U1K43Xc2QGXlzAw0K9yoU7JUjOg==}
    engines: {node: '>=12'}
    cpu: [x64]
    os: [netbsd]
    requiresBuild: true
    dev: true
    optional: true

  /esbuild-openbsd-64/0.15.18:
    resolution: {integrity: sha512-yK5NCcH31Uae076AyQAXeJzt/vxIo9+omZRKj1pauhk3ITuADzuOx5N2fdHrAKPxN+zH3w96uFKlY7yIn490xQ==}
    engines: {node: '>=12'}
    cpu: [x64]
    os: [openbsd]
    requiresBuild: true
    dev: true
    optional: true

  /esbuild-sunos-64/0.15.18:
    resolution: {integrity: sha512-On22LLFlBeLNj/YF3FT+cXcyKPEI263nflYlAhz5crxtp3yRG1Ugfr7ITyxmCmjm4vbN/dGrb/B7w7U8yJR9yw==}
    engines: {node: '>=12'}
    cpu: [x64]
    os: [sunos]
    requiresBuild: true
    dev: true
    optional: true

  /esbuild-windows-32/0.15.18:
    resolution: {integrity: sha512-o+eyLu2MjVny/nt+E0uPnBxYuJHBvho8vWsC2lV61A7wwTWC3jkN2w36jtA+yv1UgYkHRihPuQsL23hsCYGcOQ==}
    engines: {node: '>=12'}
    cpu: [ia32]
    os: [win32]
    requiresBuild: true
    dev: true
    optional: true

  /esbuild-windows-64/0.15.18:
    resolution: {integrity: sha512-qinug1iTTaIIrCorAUjR0fcBk24fjzEedFYhhispP8Oc7SFvs+XeW3YpAKiKp8dRpizl4YYAhxMjlftAMJiaUw==}
    engines: {node: '>=12'}
    cpu: [x64]
    os: [win32]
    requiresBuild: true
    dev: true
    optional: true

  /esbuild-windows-arm64/0.15.18:
    resolution: {integrity: sha512-q9bsYzegpZcLziq0zgUi5KqGVtfhjxGbnksaBFYmWLxeV/S1fK4OLdq2DFYnXcLMjlZw2L0jLsk1eGoB522WXQ==}
    engines: {node: '>=12'}
    cpu: [arm64]
    os: [win32]
    requiresBuild: true
    dev: true
    optional: true

  /esbuild/0.15.18:
    resolution: {integrity: sha512-x/R72SmW3sSFRm5zrrIjAhCeQSAWoni3CmHEqfQrZIQTM3lVCdehdwuIqaOtfC2slvpdlLa62GYoN8SxT23m6Q==}
    engines: {node: '>=12'}
    hasBin: true
    requiresBuild: true
    optionalDependencies:
      '@esbuild/android-arm': 0.15.18
      '@esbuild/linux-loong64': 0.15.18
      esbuild-android-64: 0.15.18
      esbuild-android-arm64: 0.15.18
      esbuild-darwin-64: 0.15.18
      esbuild-darwin-arm64: 0.15.18
      esbuild-freebsd-64: 0.15.18
      esbuild-freebsd-arm64: 0.15.18
      esbuild-linux-32: 0.15.18
      esbuild-linux-64: 0.15.18
      esbuild-linux-arm: 0.15.18
      esbuild-linux-arm64: 0.15.18
      esbuild-linux-mips64le: 0.15.18
      esbuild-linux-ppc64le: 0.15.18
      esbuild-linux-riscv64: 0.15.18
      esbuild-linux-s390x: 0.15.18
      esbuild-netbsd-64: 0.15.18
      esbuild-openbsd-64: 0.15.18
      esbuild-sunos-64: 0.15.18
      esbuild-windows-32: 0.15.18
      esbuild-windows-64: 0.15.18
      esbuild-windows-arm64: 0.15.18
    dev: true

  /estree-walker/2.0.2:
    resolution: {integrity: sha512-Rfkk/Mp/DL7JVje3u18FxFujQlTNR2q6QfMSMB7AvCBx91NGj/ba3kCfza0f6dVDbw7YlRf/nDrn7pQrCCyQ/w==}
    dev: true

  /fs.realpath/1.0.0:
    resolution: {integrity: sha512-OO0pH2lK6a0hZnAdau5ItzHPI6pUlvI7jMVnxUQRtw4owF2wk8lOSabtGDCTP4Ggrg2MbGnWO9X8K1t4+fGMDw==}
    dev: true

  /fsevents/2.3.2:
    resolution: {integrity: sha512-xiqMQR4xAeHTuB9uWm+fFRcIOgKBMiOBP+eXiyT7jsgVCq1bkVygt00oASowB7EdtpOHaaPgKt812P9ab+DDKA==}
    engines: {node: ^8.16.0 || ^10.6.0 || >=11.0.0}
    os: [darwin]
    requiresBuild: true
    dev: true
    optional: true

  /function-bind/1.1.1:
    resolution: {integrity: sha512-yIovAzMX49sF8Yl58fSCWJ5svSLuaibPxXQJFLmBObTuCr0Mf1KiPopGM9NiFjiYBCbfaa2Fh6breQ6ANVTI0A==}
    dev: true

  /get-tsconfig/4.3.0:
    resolution: {integrity: sha512-YCcF28IqSay3fqpIu5y3Krg/utCBHBeoflkZyHj/QcqI2nrLPC3ZegS9CmIo+hJb8K7aiGsuUl7PwWVjNG2HQQ==}
    dev: true

  /glob/8.1.0:
    resolution: {integrity: sha512-r8hpEjiQEYlF2QU0df3dS+nxxSIreXQS1qRhMJM0Q5NDdR386C7jb7Hwwod8Fgiuex+k0GFjgft18yvxm5XoCQ==}
    engines: {node: '>=12'}
    dependencies:
      fs.realpath: 1.0.0
      inflight: 1.0.6
      inherits: 2.0.4
      minimatch: 5.1.6
      once: 1.4.0
    dev: true

  /has/1.0.3:
    resolution: {integrity: sha512-f2dvO0VU6Oej7RkWJGrehjbzMAjFp5/VKPp5tTpWIV4JHHZK1/BxbFRtf/siA2SWTe09caDmVtYYzWEIbBS4zw==}
    engines: {node: '>= 0.4.0'}
    dependencies:
      function-bind: 1.1.1
    dev: true

  /inflight/1.0.6:
    resolution: {integrity: sha512-k92I/b08q4wvFscXCLvqfsHCrjrF7yiXsQuIVvVE7N82W3+aqpzuUdBbfhWcy/FZR3/4IgflMgKLOsvPDrGCJA==}
    dependencies:
      once: 1.4.0
      wrappy: 1.0.2
    dev: true

  /inherits/2.0.4:
    resolution: {integrity: sha512-k/vGaX4/Yla3WzyMCvTQOXYeIHvqOKtnqBduzTHpzpQZzAskKMhZ2K+EnBiSM9zGSoIFeMpXKxa4dYeZIQqewQ==}
    dev: true

  /is-builtin-module/3.2.0:
    resolution: {integrity: sha512-phDA4oSGt7vl1n5tJvTWooWWAsXLY+2xCnxNqvKhGEzujg+A43wPlPOyDg3C8XQHN+6k/JTQWJ/j0dQh/qr+Hw==}
    engines: {node: '>=6'}
    dependencies:
      builtin-modules: 3.3.0
    dev: true

  /is-core-module/2.11.0:
    resolution: {integrity: sha512-RRjxlvLDkD1YJwDbroBHMb+cukurkDWNyHx7D3oNB5x9rb5ogcksMC5wHCadcXoo67gVr/+3GFySh3134zi6rw==}
    dependencies:
      has: 1.0.3
    dev: true

  /is-module/1.0.0:
    resolution: {integrity: sha512-51ypPSPCoTEIN9dy5Oy+h4pShgJmPCygKfyRCISBI+JoWT/2oJvK8QPxmwv7b/p239jXrm9M1mlQbyKJ5A152g==}
    dev: true

  /is-reference/1.2.1:
    resolution: {integrity: sha512-U82MsXXiFIrjCK4otLT+o2NA2Cd2g5MLoOVXUZjIOhLurrRxpEXzI8O0KZHr3IjLvlAH1kTPYSuqer5T9ZVBKQ==}
    dependencies:
      '@types/estree': 1.0.0
    dev: true

  /just-camel-case/6.2.0:
    resolution: {integrity: sha512-ICenRLXwkQYLk3UyvLQZ+uKuwFVJ3JHFYFn7F2782G2Mv2hW8WPePqgdhpnjGaqkYtSVWnyCESZhGXUmY3/bEg==}
    dev: false

  /just-capitalize/3.2.0:
    resolution: {integrity: sha512-FK8U9A5AHCIGxlEXg3RFJkb9Nz/fS9luJlrfRf0bFBZU6xnIQ6tbwl+HitMJLwCFszZqVaXQcyeoy8/PYABS6A==}
    dev: false

  /just-cartesian-product/4.2.0:
    resolution: {integrity: sha512-vl+3t1HG/Q7o4hLqzaBUBr+3qOZudedXDY6+OVX3Ca6a120xBjzeFdql7+bv5gJhYYI13HnN2A1or5bA2x4ZBg==}
    dev: false

  /just-clamp/4.2.0:
    resolution: {integrity: sha512-ssHiAxuN7R+VP7jS1XyUP7ju5YC4bTQwQdzYtuZkASTrKe9KsI/X0t+5BJeD6Un6z/dNMDFVNQpQEgUphpXa0w==}
    dev: false

  /just-clone/6.2.0:
    resolution: {integrity: sha512-1IynUYEc/HAwxhi3WDpIpxJbZpMCvvrrmZVqvj9EhpvbH8lls7HhdhiByjL7DkAaWlLIzpC0Xc/VPvy/UxLNjA==}
    dev: false

  /just-compact/3.2.0:
    resolution: {integrity: sha512-sOrec92s8U4hzuj8FhbwLYxgvqS+BqGoU+LjgqW0r1MpXLJ7xkKwiFnt5Jr9Se3A62DCJ18+14Jvc1euzmWwbA==}
    dev: false

  /just-compare/2.3.0:
    resolution: {integrity: sha512-6shoR7HDT+fzfL3gBahx1jZG3hWLrhPAf+l7nCwahDdT9XDtosB9kIF0ZrzUp5QY8dJWfQVr5rnsPqsbvflDzg==}
    dev: false

  /just-compose/2.3.0:
    resolution: {integrity: sha512-HFtBU8GuHP+jHQN1ucJqpb+FpaWiLnLkUDXg7uTse2wdZOIQlOFsWwPE8PpAsmCbqHBq/XD7PovyF7y+OtcoVQ==}
    dev: false

  /just-curry-it/5.3.0:
    resolution: {integrity: sha512-silMIRiFjUWlfaDhkgSzpuAyQ6EX/o09Eu8ZBfmFwQMbax7+LQzeIU2CBrICT6Ne4l86ITCGvUCBpCubWYy0Yw==}
    dev: false

  /just-debounce-it/3.2.0:
    resolution: {integrity: sha512-WXzwLL0745uNuedrCsCs3rpmfD6DBaf7uuVwaq98/8dafURfgQaBsSpjiPp5+CW6Vjltwy9cOGI6qE71b3T8iQ==}
    dev: false

  /just-deep-map-values/1.2.0:
    resolution: {integrity: sha512-4vpPBzHHis4UW/EbH5kHZn0gJvKP+EiMpbjD669ZSxdwx+EoAlQLMbLR08SEtydcq/MjDPPtwGiPo9R893iHVA==}
    dev: false

  /just-demethodize/3.2.0:
    resolution: {integrity: sha512-KuCyaykigEqMhpGJQn7O/cJdztQu868jmZvNBS3rW6MUKdri8LDEWRkXGnmSfYKDuHPV0z7BqP+bKKuLgm5ueA==}
    dev: false

  /just-diff-apply/5.5.0:
    resolution: {integrity: sha512-OYTthRfSh55WOItVqwpefPtNt2VdKsq5AnAK6apdtR6yCH8pr0CmSr710J0Mf+WdQy7K/OzMy7K2MgAfdQURDw==}
    dev: false

  /just-diff/5.2.0:
    resolution: {integrity: sha512-6ufhP9SHjb7jibNFrNxyFZ6od3g+An6Ai9mhGRvcYe8UJlH0prseN64M+6ZBBUoKYHZsitDP42gAJ8+eVWr3lw==}
    dev: false

  /just-entries/2.3.0:
    resolution: {integrity: sha512-y2hKiwjvuqhusGVBtZPEgbln1JWeWAmCv7p3p/L0g9u+HS9In52M7NFxI3IGwgG2fsSGL8ssRBi3RjGi6JIzMg==}
    dev: false

  /just-extend/6.2.0:
    resolution: {integrity: sha512-cYofQu2Xpom82S6qD778jBDpwvvy39s1l/hrYij2u9AMdQcGRpaBu6kY4mVhuno5kJVi1DAz4aiphA2WI1/OAw==}
    dev: false

  /just-filter-object/3.2.0:
    resolution: {integrity: sha512-OeorYJxmp2zhy/0LxjS1UjbJ7XMY8M4gVa1RRKxnIVheCYmng2E2hE0lEbDGv4aRh/HI7FgNUXtOMnmNxpoXRQ==}
    dev: false

  /just-flatten-it/5.2.0:
    resolution: {integrity: sha512-fnRUzoIY/d523s+nIAL/RCQLlQi1gt73EBljCYg7pQaui+e2l/rHD1dFNXi8eG0TZ26nlCdrJ3jmczpWcvvfXw==}
    dev: false

  /just-flip-object/2.3.0:
    resolution: {integrity: sha512-cve2CP0ON/HjEKif2tdjDxYEky8//ose4X3hU9thGLtN8wWXyFrGqNVAzZAqa/7XQtCbb/9sHtxutnsir/E+Hg==}
    dev: false

  /just-flip/2.2.0:
    resolution: {integrity: sha512-sOYfF7eOsTNw/tiV7/ui4ev4dpQwDlkJo+gPDBtes2uhQadJAvul5jp3S0AF3Q7kYmza3+X1q6JHm6UoM325gw==}
    dev: false

  /just-flush/2.3.0:
    resolution: {integrity: sha512-fBuxQ1gJ61BurmhwKS5LYTzhkbrT5j/2U7ax+UbLm9aRvCTh2h6AfzLteOckE4KKomqOf0Y3zIG3Xu57sRsKUg==}
    dev: false

  /just-group-by/2.2.0:
    resolution: {integrity: sha512-brZocDSmkvDYc+FOr07GiTar4cp7K6OB9huVOrj5LX+iXfCe3hTvn2KGM811LE/SBQkCzuYDDEcG8HA/dKDrnw==}
    dev: false

  /just-index/4.2.0:
    resolution: {integrity: sha512-9XhfeX7FDpV+OQWf6OV40IylqbFFWZ2vDGo9rcrK2gTVtXQsuWpgiwtF+A6tS5nyqx+rv9XPZViZBDFLNCaUhQ==}
    dev: false

  /just-insert/3.2.0:
    resolution: {integrity: sha512-M3E0zgm9kCPPNspm9asIGkYccZHotP0pJ6btlVebN4m46FPLE3dpAyUJWkhxLMYp9F3qq8uBNuw9JAeifrg+oA==}
    dev: false

  /just-intersect/4.3.0:
    resolution: {integrity: sha512-XdAiJUmfM7VOoBUh7I4xo+0YYuzCPiV0Xf21oAmR+1j6a/P8KxJUCigZDblmURZmkIWffNziY2sbSaHrJbNcuA==}
    dev: false

  /just-is-circular/2.2.0:
    resolution: {integrity: sha512-POA5uymZXoBHl0/SBaDzY8vh0x3WZ8ZQOsqkKD/4Iek9BQyC3C3lpBp44EMl/BLAzHjEBe/iJ9wNOuQN4rQdZA==}
    dev: false

  /just-is-empty/3.3.0:
    resolution: {integrity: sha512-GWacjX1hMMiwolyAm3quCaWexQeF/ZBSvkWr7Rc45OVmBYB+pSnr/XqYYKgFtiehr/KiE9xrEXtoj+ywPWuAHw==}
    dev: false

  /just-is-prime/2.3.0:
    resolution: {integrity: sha512-UK8bz1bb5Zi3jg2FGigy8aJ1LWAVBDia0X3OyhnGDC+67aCV7TNTV0OnVh/wj1Um7W/0WBOksaIb3XLdvx1Jfg==}
    dev: false

  /just-is-primitive/2.3.0:
    resolution: {integrity: sha512-qYrRbbvDjBp4TzcHKacySFV1A0N4dI8dGjvsr5BjbOGNOjH/UVHcK8TxU22N7yFPJdoMqEfppQZjVIyBFL0mJQ==}
    dev: false

  /just-kebab-case/4.2.0:
    resolution: {integrity: sha512-p2BdO7o4BI+pMun3J+dhaOfYan5JsZrw9wjshRjkWY9+p+u+kKSMhNWYnot2yHDR9CSahZ9iT3dcqJ+V72qHMw==}
    dev: false

  /just-last/3.2.0:
    resolution: {integrity: sha512-QaJijOUJDKEV++2o1H2iKaQuBRXPFhb6beFhzIwjKF57HbLAfYQXw4JBAjMOhjOVfeq0nBhRonMgLGu7MCReKQ==}
    dev: false

  /just-left-pad/3.2.0:
    resolution: {integrity: sha512-WA3MulRnxj4m1TOzkTrR7JjrxOYlPrtmy70gGs3GAtOqm6XKItydz+rmnYd0m6qeouIT/euu3uyt8E0uTUkyjQ==}
    dev: false

  /just-map-keys/2.3.0:
    resolution: {integrity: sha512-enWodahIp6kDnt+/dw5Ps1baTmuuc9AVFOuwwLhn3mufOyP4aWF3+4uF6oEFKVH15H0ymb7MjuO9W6j8HFQ8ng==}
    dev: false

  /just-map-object/2.3.0:
    resolution: {integrity: sha512-702xzYHUSFKdnN4844avAytynTAYBJvPoaGKrw4QKkyy1UkW44zWsrITV1KUFFCvDn7YQpzHffCRKdsa0szoLA==}
    dev: false

  /just-map-values/3.2.0:
    resolution: {integrity: sha512-TyqCKtK3NxiUgOjRYMIKURvBTHesi3XzomDY0QVPZ3rYzLCF+nNq5rSi0B/L5aOd/WMTZo6ukzA4wih4HUbrDg==}
    dev: false

  /just-mean/2.2.0:
    resolution: {integrity: sha512-ZLZHJz3AHF+mk/FwB3FOf1GTfT3UfaE2Dr0UbuVixWhOOtI2ed+S+6V0QFpcZdPjA8hNES0TJqs1G7DpMAtkQw==}
    dev: false

  /just-median/2.2.0:
    resolution: {integrity: sha512-y7xeJ/2djhCkVoas/Omfz2uq+dS7bxJWf5oHX/nAG1fVOPbvZbWJUwGNgBRoGUlCy8gsyFigeVTNMMu+XCalhw==}
    dev: false

  /just-memoize-last/3.2.0:
    resolution: {integrity: sha512-t6ycS4EDyfdF4BuI/VTKSoGXH7MmQ0XVBNk5pEDP+0cLrOws2JRmzFnkEg0WWps59u9vAXiP58IVXtpG3FN3uw==}
    dev: false

  /just-memoize/2.2.0:
    resolution: {integrity: sha512-zriv+MY+61RXT0QsrO1ZJtL5umouqqSWmCGBkp2wJm35kniunBAA4qhUKx8Lvg/QcwrF9xuw9E6PkevKFf4boQ==}
    dev: false

  /just-merge/3.2.0:
    resolution: {integrity: sha512-cNh5FWt44hx4SpQS1xZU8Tzr/fQA69pqCdjbwxmaYYIOuRfA8EIg+dn1bGmIW03ZUtR2vkMOCjWKc+jIbpauSw==}
    dev: false

  /just-mode/2.2.0:
    resolution: {integrity: sha512-yd3UXuVFCIcloIa7quiWB7//SVB+4K7ki/2Ebrp+/+aF0dTZcpxPqIwqSq5XATKliqqom8jrRkp/XCAfYaOy9Q==}
    dev: false

  /just-modulo/2.2.0:
    resolution: {integrity: sha512-/jyWLdlufLTnST5AmkmpGls0pS/oK5kN5B7MxkqLslQuidmRccOK8tYFlMfjWMLbNKoumMBWgEP2zMvGI8hn1A==}
    dev: false

  /just-omit/2.2.0:
    resolution: {integrity: sha512-Js7+HxDOGcB3RhI38Mird/RgyMf3t0DAJFda1QWqqlAKTa36NeSYIufJXxrZUbysFTRcTOFcoMCiFK5FwCoI7Q==}
    dev: false

  /just-once/2.2.0:
    resolution: {integrity: sha512-Wo547FgUOUZ98jbrZ1KX8nRezdEdtgIlC2NK1u1RvR1oZ/WoU++FjprP8J8hRbaox776MHyeMZZED4DvhhHVjg==}
    dev: false

  /just-partial-it/3.4.0:
    resolution: {integrity: sha512-XTWJmnGa9t+UCYgDtYczVXjFwMJ/QYsmzMMzEoYzGAzWNEgDU4WwGDptM0JZxyPiigFr/Etl7t0Z57WpIx0RnQ==}
    dev: false

  /just-partition/2.2.0:
    resolution: {integrity: sha512-h4FbIqJJHZtEtJm/P+MqlvmRVrhzpPpaY/dIUda5KqSOa0bVW1m4UegDzGXVe9MWZwa9MPTBAy+toLc0scVg2g==}
    dev: false

  /just-pascal-case/3.2.0:
    resolution: {integrity: sha512-B0PW5mgJrsGmXdvDLxC2Kdfyie74m+mRO+iCjJ+Es0Jl5kcQwVfB0qb/qiDOCE3m0XUOo1SdZBWzUlNCO9zreg==}
    dev: false

  /just-percentile/4.2.0:
    resolution: {integrity: sha512-DjoYlegU7nyyi9ux9atRphMx4plC1fPgeSPkOvjg6Y3QzOx91jwi/6BDmgdb+KYBiI2glRWgHriA98NI/OWaBQ==}
    dev: false

  /just-permutations/2.2.1:
    resolution: {integrity: sha512-J2W9djsAsl346A9H41H/S8VXfnPjxZSFfBbAsZRbtFUQTpfmGBGJLWNeZgoDtzBw+ZaN7WF/DOsAJ+V/e6P5cQ==}
    dev: false

  /just-pick/4.2.0:
    resolution: {integrity: sha512-m6bi0P/gFq5GEQJGYfHFsdod6fogViNIhsKbPBYavqF9SKFfMKPz7kf6ROL2PblkOdaib9vN/wJ7VXhCJre5Hw==}
    dev: false

  /just-pluck-it/2.3.0:
    resolution: {integrity: sha512-M2UdKR4nsVaOekKqKTikIQXJLhwJfmL8MA6KY2ZbHs60UNTWKnee2Bugo6ExzI8ITLl9xZFYCuBYiZzCnzvxnw==}
    dev: false

  /just-prune/2.2.0:
    resolution: {integrity: sha512-eGIjboca1DHMEWx2b7tUrQMAJR7hRN/teE25S5dPT/DWIzdaNqswfv7KayHUTmz7cF1lvL0ZgLu0jWPTynV4XQ==}
    dev: false

  /just-random/3.2.0:
    resolution: {integrity: sha512-RMf8vbtCfLIbAEHvIPu2FwMkpB/JudGyk/VPfqPItcRgt7k8QnV+Aa7s7kRFPo+bavQkUi8Yg1x/ooW6Ttyb9A==}
    dev: false

  /just-range/4.2.0:
    resolution: {integrity: sha512-z2Ip8H2j7a9Vr8rKFi0IZf4IXn2Yuq2lGZFS41GjfPwksoHWTaTx1xIjU6C0HyQ1jBXEoz/FzjS5eyVXeW19tg==}
    dev: false

  /just-reduce-object/2.3.0:
    resolution: {integrity: sha512-hLZofqxBvdmgyKttm91S0BKKHO8pr+dgyMuBH8sHxlLjRCMjzun1D1QrOeIDbWrqy42L3ZgDjf8Wi2x+Z3gEHw==}
    dev: false

  /just-remove/3.2.0:
    resolution: {integrity: sha512-gR3EOFIkZapF3g0K4IRRqH4lM+czJEfaOFgrwZl5vNfVUeJqfke9/L67Mf3CgnT3j2HM46C+mdCRvqaCD77Nqg==}
    dev: false

  /just-replace-all/2.2.0:
    resolution: {integrity: sha512-w7D/2NxttoYa56hqjZmYMPu1mr98lzT1QZYDcTBzycT8JxFh6yUURgjeTGc91D/WkE6b1Vxyb1/YkYQzByZ/+w==}
    dev: false

  /just-right-pad/3.2.0:
    resolution: {integrity: sha512-CmCkafyDmaFxdHxO1Sz/8Xbpl0xA2aIZzMVuSXSwN/81rFkrQpCRONBlMRrdkfOfaUCeocQYFszr8+Q7+zeRXA==}
    dev: false

  /just-safe-get/4.2.0:
    resolution: {integrity: sha512-+tS4Bvgr/FnmYxOGbwziJ8I2BFk+cP1gQHm6rm7zo61w1SbxBwWGEq/Ryy9Gb6bvnloPq6pz7Bmm4a0rjTNlXA==}
    dev: false

  /just-safe-set/4.2.0:
    resolution: {integrity: sha512-109CZyFYcRAgR5hT/aA6V6ZKUfxItJYrZvtTikfIJ4sEewAE86fQARiF9BFzZlSn0gTLVGIMuZC7le2qQ+JJKw==}
    dev: false

  /just-shuffle/4.2.0:
    resolution: {integrity: sha512-/dDmNseAWLf3XkFY9xf3/BdQoiy27LNUy/7uG4zdSAX526nIHMYPYeJ4pN4lT1/pgNEX8XCXPtUB6gJqTpBEng==}
    dev: false

  /just-skewness/2.2.0:
    resolution: {integrity: sha512-+ZUWzC/FjFHgrRLeqnOBgt6B62PvKFQo7xCXIGX0oMiknjoSSrygV4YZHLaSXt3Us5nLDpCdF4Lfny2zRe1UpQ==}
    dev: false

  /just-snake-case/3.2.0:
    resolution: {integrity: sha512-iugHP9bSE0jOq3BzN0W0rdu/OOkFirPe8FtUw6v9y37UlbUDgJ1x4xiGNfUhI6mV9dc/paaifyiyn+F+mrm8gw==}
    dev: false

  /just-sort-by/3.2.0:
    resolution: {integrity: sha512-kfKNELhpDd0/aC/dBeT1uS+pUmFgHIcU6sDnUKZRuGoGYx8mKgZLCNlL6QfNYFzUkqPUEVOsiN9uaZs4z2X9Vw==}
    dev: false

  /just-split-at/3.2.0:
    resolution: {integrity: sha512-GqgDTjzn6i/3FLsHbMa7wkZWilNX15Mpr3KYyUDCF0yGZ4aV9pS1hEluvCa8cJXSMH7Vo2AJDtLxsE8y2yPcgw==}
    dev: false

  /just-split/3.2.0:
    resolution: {integrity: sha512-hh57dN5koTBkmg3T6gBFISVVaW5bgZ6Ct1W5KODD5M7hQJKqGzTKkfMwOil8MBxyztLQEjh/v6UGXE8cP5tnqQ==}
    dev: false

  /just-squash/2.2.0:
    resolution: {integrity: sha512-pmbArbuDnwNVboJ6pCA0WvmjEJFJ6LyS9pdbnGYIUJi0cJKmxxCfSX74foR7v+tz9N++R2wMdeMrjY4Y+2b1Xw==}
    dev: false

  /just-standard-deviation/2.2.0:
    resolution: {integrity: sha512-sy6d9GCMAVz2pEzucNdGiTBhOJxjY8GK5/8+oim1ALzsfCFqd7MGSQnTUVoqBEUU54Iiv5a0BoZIfqY3pO22tA==}
    dev: false

  /just-tail/3.2.0:
    resolution: {integrity: sha512-UkazsfVUwAPVpyCQU+RNVZrboJj3S7nlAtC2GXHjZubQP8MZHI0N5B+9LoJPguqtYI/v+kJ2W0VIofWCXuSj4A==}
    dev: false

  /just-template/2.2.0:
    resolution: {integrity: sha512-tYzMAz72bJXRBFKhWnEZrVdBbBqV4/vwNGv6O96LqZv+BjtmUGUBtBkFr+vqGlgHOVIcRalUNdJlumvXSAbuaQ==}
    dev: false

  /just-throttle/4.2.0:
    resolution: {integrity: sha512-/iAZv1953JcExpvsywaPKjSzfTiCLqeguUTE6+VmK15mOcwxBx7/FHrVvS4WEErMR03TRazH8kcBSHqMagYIYg==}
    dev: false

  /just-truncate/2.2.0:
    resolution: {integrity: sha512-s7RX8ARl3SBPBPT5z9BRh4pNtHfmWIOiG3OiOisON8gPXjAhKaL9SFgUhGdrwcr6PpQQR6otNrRzCgbozi9qpQ==}
    dev: false

  /just-typeof/3.2.0:
    resolution: {integrity: sha512-nOKazfzrQDEGNwXPfWEB64QD+ATZUnpOTJn0xMnCk41p297P9Emt3BlsRyWbu+CErMjopnFTGcYHJnvFX97ZIQ==}
    dev: false

  /just-union/3.2.0:
    resolution: {integrity: sha512-Eb0JoenysHPnkaINMNvbgOdICJIEXGGEhtYmvtznWtsckzFKUIIwxfzvpw7bKix2TzHb1mxsEbdKeg9CkvwK/A==}
    dev: false

  /just-unique/4.2.0:
    resolution: {integrity: sha512-cxQGGUiit6CGUpuuiezY8N4m1wgF4o7127rXEXDFcxeDUFfdV7gSkwA26Fe2wWBiNQq2SZOgN4gSmMxB/StA8Q==}
    dev: false

  /just-values/2.2.0:
    resolution: {integrity: sha512-gbHDveFibNEonw1IRfI6D/y6Q6yEmaMdsUHoHbXD12Jz0fbGtwQKwvE7+uZbF8PYWgkz37j3KOUEj5u7NyMulA==}
    dev: false

  /just-variance/2.2.0:
    resolution: {integrity: sha512-ZR4xVmroCfuYua6BVvJUgbhBF8x5fy079ryZmn+tGLLuI4AGRn/goXfOO4ZUAG7B7kb1bpdXRMZZXllJRpmIZA==}
    dev: false

  /just-zip-it/3.2.0:
    resolution: {integrity: sha512-ZJxc8mLz8XkaoOegJ237Xuo3ZQB5zUN/8BTXqalBJbh/uj+ahfJbOJKadJPmXDBbxHzh+MQYH43VxV5TlQvlfw==}
    dev: false

  /magic-string/0.27.0:
    resolution: {integrity: sha512-8UnnX2PeRAPZuN12svgR9j7M1uWMovg/CEnIwIG0LFkXSJJe4PdfUGiTGl8V9bsBHFUtfVINcSyYxd7q+kx9fA==}
    engines: {node: '>=12'}
    dependencies:
      '@jridgewell/sourcemap-codec': 1.4.14
    dev: true

  /minimatch/5.1.6:
    resolution: {integrity: sha512-lKwV/1brpG6mBUFHtb7NUmtABCb2WZZmm2wNiOA5hAb8VdCS4B3dtMWyvcoViccwAW/COERjXLt0zP1zXUN26g==}
    engines: {node: '>=10'}
    dependencies:
      brace-expansion: 2.0.1
    dev: true

  /once/1.4.0:
    resolution: {integrity: sha512-lNaJgI+2Q5URQBkccEKHTQOPaXdUxnZZElQTZY0MFUAuaEqe1E+Nyvgdz/aIyNi6Z9MzO5dv1H8n58/GELp3+w==}
    dependencies:
      wrappy: 1.0.2
    dev: true

  /path-parse/1.0.7:
    resolution: {integrity: sha512-LDJzPVEEEPR+y48z93A0Ed0yXb8pAByGWo/k5YYdYgpY2/2EsOsksJrq7lOHxryrVOn1ejG6oAp8ahvOIQD8sw==}
    dev: true

  /picomatch/2.3.1:
    resolution: {integrity: sha512-JU3teHTNjmE2VCGFzuY8EXzCDVwEqB2a8fsIvwaStHhAWJEeVd1o1QD80CU6+ZdEXXSLbSsuLwJjkCBWqRQUVA==}
    engines: {node: '>=8.6'}
    dev: true

  /prettier/2.8.3:
    resolution: {integrity: sha512-tJ/oJ4amDihPoufT5sM0Z1SKEuKay8LfVAMlbbhnnkvt6BUserZylqo2PN+p9KeljLr0OHa2rXHU1T8reeoTrw==}
    engines: {node: '>=10.13.0'}
    hasBin: true
    dev: true

  /resolve/1.22.1:
    resolution: {integrity: sha512-nBpuuYuY5jFsli/JIs1oldw6fOQCBioohqWZg/2hiaOybXOft4lonv85uDOKXdf8rhyK159cxU5cDcK/NKk8zw==}
    hasBin: true
    dependencies:
      is-core-module: 2.11.0
      path-parse: 1.0.7
      supports-preserve-symlinks-flag: 1.0.0
    dev: true

  /rollup/3.10.1:
    resolution: {integrity: sha512-3Er+yel3bZbZX1g2kjVM+FW+RUWDxbG87fcqFM5/9HbPCTpbVp6JOLn7jlxnNlbu7s/N/uDA4EV/91E2gWnxzw==}
    engines: {node: '>=14.18.0', npm: '>=8.0.0'}
    hasBin: true
    optionalDependencies:
      fsevents: 2.3.2
    dev: true

  /source-map-support/0.5.21:
    resolution: {integrity: sha512-uBHU3L3czsIyYXKX88fdrGovxdSCoTGDRZ6SYXtSRxLZUzHg5P/66Ht6uoUlHu9EZod+inXhKo3qQgwXUT/y1w==}
    dependencies:
      buffer-from: 1.1.2
      source-map: 0.6.1
    dev: true

  /source-map/0.6.1:
    resolution: {integrity: sha512-UjgapumWlbMhkBgzT7Ykc5YXUT46F0iKu8SGXq0bcwP5dz/h0Plj6enJqjz1Zbq2l5WaqYnrVbwWOWMyF3F47g==}
    engines: {node: '>=0.10.0'}
    dev: true

  /supports-preserve-symlinks-flag/1.0.0:
    resolution: {integrity: sha512-ot0WnXS9fgdkgIcePe6RHNk1WA8+muPa6cSjeR3V8K27q9BB1rTE3R1p7Hv0z1ZyAc8s6Vvv8DIyWf681MAt0w==}
    engines: {node: '>= 0.4'}
    dev: true

  /tslib/2.4.1:
    resolution: {integrity: sha512-tGyy4dAjRIEwI7BzsB0lynWgOpfqjUdq91XXAlIWD2OwKBH7oCl/GZG/HT4BOHrTlPMOASlMQ7veyTqpmRcrNA==}
    dev: true

  /tsx/3.12.2:
    resolution: {integrity: sha512-ykAEkoBg30RXxeOMVeZwar+JH632dZn9EUJVyJwhfag62k6UO/dIyJEV58YuLF6e5BTdV/qmbQrpkWqjq9cUnQ==}
    hasBin: true
    dependencies:
      '@esbuild-kit/cjs-loader': 2.4.1
      '@esbuild-kit/core-utils': 3.0.0
      '@esbuild-kit/esm-loader': 2.5.4
    optionalDependencies:
      fsevents: 2.3.2
    dev: true

  /type-fest/3.5.3:
    resolution: {integrity: sha512-V2+og4j/rWReWvaFrse3s9g2xvUv/K9Azm/xo6CjIuq7oeGqsoimC7+9/A3tfvNcbQf8RPSVj/HV81fB4DJrjA==}
    engines: {node: '>=14.16'}
    dev: true

  /typescript/4.9.4:
    resolution: {integrity: sha512-Uz+dTXYzxXXbsFpM86Wh3dKCxrQqUcVMxwU54orwlJjOpO3ao8L7j5lH+dWfTwgCwIuM9GQ2kvVotzYJMXTBZg==}
    engines: {node: '>=4.2.0'}
    hasBin: true
    dev: true

  /wrappy/1.0.2:
    resolution: {integrity: sha512-l4Sp/DRseor9wL6EvV2+TuQn63dMkPjZ/sp9XkghTEbV9KlPS1xUsZ3u7/IQO4wxtcFB4bgpQPRcR3QCvezPcQ==}
    dev: true
