lockfileVersion: 5.3

specifiers:
  '@rollup/plugin-commonjs': ^21.0.2
  '@rollup/plugin-node-resolve': ^13.1.3
  '@rollup/plugin-typescript': ^8.3.1
  '@types/node': ^17.0.23
  '@types/prettier': ^2.4.4
  just-camel-case: ^6.0.1
  just-capitalize: ^3.0.1
  just-cartesian-product: ^4.0.2
  just-clamp: ^4.0.1
  just-clone: ^5.0.1
  just-compact: ^3.0.1
  just-compare: ^2.1.0
  just-compose: ^2.1.0
  just-curry-it: ^5.0.1
  just-debounce-it: ^3.0.1
  just-deep-map-values: ^1.0.0
  just-demethodize: ^3.0.1
  just-diff: ^5.0.1
  just-diff-apply: ^5.2.0
  just-entries: ^2.0.1
  just-extend: ^6.0.1
  just-filter-object: ^3.0.1
  just-flatten-it: ^5.0.1
  just-flip: ^2.0.1
  just-flip-object: ^2.1.0
  just-flush: ^2.1.0
  just-group-by: ^2.0.1
  just-index: ^4.0.1
  just-insert: ^3.0.1
  just-intersect: ^4.1.0
  just-is-circular: ^2.0.1
  just-is-empty: ^3.1.1
  just-is-prime: ^2.0.1
  just-is-primitive: ^2.1.0
  just-kebab-case: ^4.0.1
  just-last: ^3.0.1
  just-left-pad: ^3.0.1
  just-map-keys: ^2.1.1
  just-map-object: ^2.1.0
  just-map-values: ^3.0.2
  just-mean: ^2.0.1
  just-median: ^2.0.1
  just-memoize: ^2.0.1
  just-memoize-last: ^3.0.1
  just-merge: ^3.0.1
  just-mode: ^2.0.1
  just-modulo: ^2.0.1
  just-omit: ^2.0.1
  just-once: ^2.0.1
  just-partial-it: ^3.0.2
  just-partition: ^2.0.1
  just-pascal-case: ^3.0.1
  just-percentile: ^4.0.0
  just-permutations: ^2.0.1
  just-pick: ^4.0.1
  just-pluck-it: ^2.1.0
  just-prune: ^2.0.1
  just-random: ^3.0.1
  just-range: ^4.0.1
  just-reduce-object: ^2.0.1
  just-remove: ^3.0.1
  just-replace-all: ^2.0.1
  just-right-pad: ^3.0.1
  just-safe-get: ^4.0.1
  just-safe-set: ^4.0.2
  just-shuffle: ^4.0.1
  just-skewness: ^2.0.1
  just-snake-case: ^3.0.1
  just-sort-by: ^3.0.1
  just-split: ^3.0.1
  just-split-at: ^3.0.1
  just-squash: ^2.0.1
  just-standard-deviation: ^2.0.1
  just-tail: ^3.0.2
  just-template: ^2.0.1
  just-throttle: ^4.0.1
  just-truncate: ^2.0.1
  just-typeof: ^3.0.1
  just-union: ^3.0.1
  just-unique: ^4.0.1
  just-values: ^2.0.1
  just-variance: ^2.0.1
  just-zip-it: ^3.0.2
  prettier: ^2.6.0
  rollup: ^2.70.1
  tslib: ^2.3.1
  tsm: ^2.2.1
  type-fest: ^2.12.1
  typescript: ^4.6.2

dependencies:
  just-camel-case: 6.0.1
  just-capitalize: 3.0.1
  just-cartesian-product: 4.0.2
  just-clamp: 4.0.1
  just-clone: 5.0.1
  just-compact: 3.0.1
  just-compare: 2.1.0
  just-compose: 2.1.0
  just-curry-it: 5.0.1
  just-debounce-it: 3.0.1
  just-deep-map-values: 1.0.0
  just-demethodize: 3.0.1
  just-diff: 5.0.1
  just-diff-apply: 5.2.0
  just-entries: 2.0.1
  just-extend: 6.0.1
  just-filter-object: 3.0.1
  just-flatten-it: 5.0.1
  just-flip: 2.0.1
  just-flip-object: 2.1.0
  just-flush: 2.1.0
  just-group-by: 2.0.1
  just-index: 4.0.1
  just-insert: 3.0.1
  just-intersect: 4.1.0
  just-is-circular: 2.0.1
  just-is-empty: 3.1.1
  just-is-prime: 2.0.1
  just-is-primitive: 2.1.0
  just-kebab-case: 4.0.1
  just-last: 3.0.1
  just-left-pad: 3.0.1
  just-map-keys: 2.1.1
  just-map-object: 2.1.0
  just-map-values: 3.0.2
  just-mean: 2.0.1
  just-median: 2.0.1
  just-memoize: 2.0.1
  just-memoize-last: 3.0.1
  just-merge: 3.0.1
  just-mode: 2.0.1
  just-modulo: 2.0.1
  just-omit: 2.0.1
  just-once: 2.0.1
  just-partial-it: 3.0.2
  just-partition: 2.0.1
  just-pascal-case: 3.0.1
  just-percentile: 4.0.0
  just-permutations: 2.0.1
  just-pick: 4.0.1
  just-pluck-it: 2.1.0
  just-prune: 2.0.1
  just-random: 3.0.1
  just-range: 4.0.1
  just-reduce-object: 2.0.1
  just-remove: 3.0.1
  just-replace-all: 2.0.1
  just-right-pad: 3.0.1
  just-safe-get: 4.0.1
  just-safe-set: 4.0.2
  just-shuffle: 4.0.1
  just-skewness: 2.0.1
  just-snake-case: 3.0.1
  just-sort-by: 3.0.1
  just-split: 3.0.1
  just-split-at: 3.0.1
  just-squash: 2.0.1
  just-standard-deviation: 2.0.1
  just-tail: 3.0.2
  just-template: 2.0.1
  just-throttle: 4.0.1
  just-truncate: 2.0.1
  just-typeof: 3.0.1
  just-union: 3.0.1
  just-unique: 4.0.1
  just-values: 2.0.1
  just-variance: 2.0.1
  just-zip-it: 3.0.2

devDependencies:
  '@rollup/plugin-commonjs': 21.0.2_rollup@2.70.1
  '@rollup/plugin-node-resolve': 13.1.3_rollup@2.70.1
  '@rollup/plugin-typescript': 8.3.1_859e05ab655ea3c900a5f26a0311c0b5
  '@types/node': 17.0.23
  '@types/prettier': 2.4.4
  prettier: 2.6.0
  rollup: 2.70.1
  tslib: 2.3.1
  tsm: 2.2.1
  type-fest: 2.12.1
  typescript: 4.6.2

packages:

  /@rollup/plugin-commonjs/21.0.2_rollup@2.70.1:
    resolution: {integrity: sha512-d/OmjaLVO4j/aQX69bwpWPpbvI3TJkQuxoAk7BH8ew1PyoMBLTOuvJTjzG8oEoW7drIIqB0KCJtfFLu/2GClWg==}
    engines: {node: '>= 8.0.0'}
    peerDependencies:
      rollup: ^2.38.3
    dependencies:
      '@rollup/pluginutils': 3.1.0_rollup@2.70.1
      commondir: 1.0.1
      estree-walker: 2.0.2
      glob: 7.2.0
      is-reference: 1.2.1
      magic-string: 0.25.9
      resolve: 1.22.0
      rollup: 2.70.1
    dev: true

  /@rollup/plugin-node-resolve/13.1.3_rollup@2.70.1:
    resolution: {integrity: sha512-BdxNk+LtmElRo5d06MGY4zoepyrXX1tkzX2hrnPEZ53k78GuOMWLqmJDGIIOPwVRIFZrLQOo+Yr6KtCuLIA0AQ==}
    engines: {node: '>= 10.0.0'}
    peerDependencies:
      rollup: ^2.42.0
    dependencies:
      '@rollup/pluginutils': 3.1.0_rollup@2.70.1
      '@types/resolve': 1.17.1
      builtin-modules: 3.2.0
      deepmerge: 4.2.2
      is-module: 1.0.0
      resolve: 1.22.0
      rollup: 2.70.1
    dev: true

  /@rollup/plugin-typescript/8.3.1_859e05ab655ea3c900a5f26a0311c0b5:
    resolution: {integrity: sha512-84rExe3ICUBXzqNX48WZV2Jp3OddjTMX97O2Py6D1KJaGSwWp0mDHXj+bCGNJqWHIEKDIT2U0sDjhP4czKi6cA==}
    engines: {node: '>=8.0.0'}
    peerDependencies:
      rollup: ^2.14.0
      tslib: '*'
      typescript: '>=3.7.0'
    dependencies:
      '@rollup/pluginutils': 3.1.0_rollup@2.70.1
      resolve: 1.22.0
      rollup: 2.70.1
      tslib: 2.3.1
      typescript: 4.6.2
    dev: true

  /@rollup/pluginutils/3.1.0_rollup@2.70.1:
    resolution: {integrity: sha512-GksZ6pr6TpIjHm8h9lSQ8pi8BE9VeubNT0OMJ3B5uZJ8pz73NPiqOtCog/x2/QzM1ENChPKxMDhiQuRHsqc+lg==}
    engines: {node: '>= 8.0.0'}
    peerDependencies:
      rollup: ^1.20.0||^2.0.0
    dependencies:
      '@types/estree': 0.0.39
      estree-walker: 1.0.1
      picomatch: 2.3.1
      rollup: 2.70.1
    dev: true

  /@types/estree/0.0.39:
    resolution: {integrity: sha512-EYNwp3bU+98cpU4lAWYYL7Zz+2gryWH1qbdDTidVd6hkiR6weksdbMadyXKXNPEkQFhXM+hVO9ZygomHXp+AIw==}
    dev: true

  /@types/estree/0.0.51:
    resolution: {integrity: sha512-CuPgU6f3eT/XgKKPqKd/gLZV1Xmvf1a2R5POBOGQa6uv82xpls89HU5zKeVoyR8XzHd1RGNOlQlvUe3CFkjWNQ==}
    dev: true

  /@types/node/17.0.23:
    resolution: {integrity: sha512-UxDxWn7dl97rKVeVS61vErvw086aCYhDLyvRQZ5Rk65rZKepaFdm53GeqXaKBuOhED4e9uWq34IC3TdSdJJ2Gw==}
    dev: true

  /@types/prettier/2.4.4:
    resolution: {integrity: sha512-ReVR2rLTV1kvtlWFyuot+d1pkpG2Fw/XKE3PDAdj57rbM97ttSp9JZ2UsP+2EHTylra9cUf6JA7tGwW1INzUrA==}
    dev: true

  /@types/resolve/1.17.1:
    resolution: {integrity: sha512-yy7HuzQhj0dhGpD8RLXSZWEkLsV9ibvxvi6EiJ3bkqLAO1RGo0WbkWQiwpRlSFymTJRz0d3k5LM3kkx8ArDbLw==}
    dependencies:
      '@types/node': 17.0.23
    dev: true

  /balanced-match/1.0.2:
    resolution: {integrity: sha512-3oSeUO0TMV67hN1AmbXsK4yaqU7tjiHlbxRDZOpH0KW9+CeX4bRAaX0Anxt0tx2MrpRpWwQaPwIlISEJhYU5Pw==}
    dev: true

  /brace-expansion/1.1.11:
    resolution: {integrity: sha512-iCuPHDFgrHX7H2vEI/5xpz07zSHB00TpugqhmYtVmMO6518mCuRMoOYFldEBl0g187ufozdaHgWKcYFb61qGiA==}
    dependencies:
      balanced-match: 1.0.2
      concat-map: 0.0.1
    dev: true

  /builtin-modules/3.2.0:
    resolution: {integrity: sha512-lGzLKcioL90C7wMczpkY0n/oART3MbBa8R9OFGE1rJxoVI86u4WAGfEk8Wjv10eKSyTHVGkSo3bvBylCEtk7LA==}
    engines: {node: '>=6'}
    dev: true

  /commondir/1.0.1:
    resolution: {integrity: sha1-3dgA2gxmEnOTzKWVDqloo6rxJTs=}
    dev: true

  /concat-map/0.0.1:
    resolution: {integrity: sha1-2Klr13/Wjfd5OnMDajug1UBdR3s=}
    dev: true

  /deepmerge/4.2.2:
    resolution: {integrity: sha512-FJ3UgI4gIl+PHZm53knsuSFpE+nESMr7M4v9QcgB7S63Kj/6WqMiFQJpBBYz1Pt+66bZpP3Q7Lye0Oo9MPKEdg==}
    engines: {node: '>=0.10.0'}
    dev: true

  /esbuild-android-64/0.14.27:
    resolution: {integrity: sha512-LuEd4uPuj/16Y8j6kqy3Z2E9vNY9logfq8Tq+oTE2PZVuNs3M1kj5Qd4O95ee66yDGb3isaOCV7sOLDwtMfGaQ==}
    engines: {node: '>=12'}
    cpu: [x64]
    os: [android]
    requiresBuild: true
    dev: true
    optional: true

  /esbuild-android-arm64/0.14.27:
    resolution: {integrity: sha512-E8Ktwwa6vX8q7QeJmg8yepBYXaee50OdQS3BFtEHKrzbV45H4foMOeEE7uqdjGQZFBap5VAqo7pvjlyA92wznQ==}
    engines: {node: '>=12'}
    cpu: [arm64]
    os: [android]
    requiresBuild: true
    dev: true
    optional: true

  /esbuild-darwin-64/0.14.27:
    resolution: {integrity: sha512-czw/kXl/1ZdenPWfw9jDc5iuIYxqUxgQ/Q+hRd4/3udyGGVI31r29LCViN2bAJgGvQkqyLGVcG03PJPEXQ5i2g==}
    engines: {node: '>=12'}
    cpu: [x64]
    os: [darwin]
    requiresBuild: true
    dev: true
    optional: true

  /esbuild-darwin-arm64/0.14.27:
    resolution: {integrity: sha512-BEsv2U2U4o672oV8+xpXNxN9bgqRCtddQC6WBh4YhXKDcSZcdNh7+6nS+DM2vu7qWIWNA4JbRG24LUUYXysimQ==}
    engines: {node: '>=12'}
    cpu: [arm64]
    os: [darwin]
    requiresBuild: true
    dev: true
    optional: true

  /esbuild-freebsd-64/0.14.27:
    resolution: {integrity: sha512-7FeiFPGBo+ga+kOkDxtPmdPZdayrSzsV9pmfHxcyLKxu+3oTcajeZlOO1y9HW+t5aFZPiv7czOHM4KNd0tNwCA==}
    engines: {node: '>=12'}
    cpu: [x64]
    os: [freebsd]
    requiresBuild: true
    dev: true
    optional: true

  /esbuild-freebsd-arm64/0.14.27:
    resolution: {integrity: sha512-8CK3++foRZJluOWXpllG5zwAVlxtv36NpHfsbWS7TYlD8S+QruXltKlXToc/5ZNzBK++l6rvRKELu/puCLc7jA==}
    engines: {node: '>=12'}
    cpu: [arm64]
    os: [freebsd]
    requiresBuild: true
    dev: true
    optional: true

  /esbuild-linux-32/0.14.27:
    resolution: {integrity: sha512-qhNYIcT+EsYSBClZ5QhLzFzV5iVsP1YsITqblSaztr3+ZJUI+GoK8aXHyzKd7/CKKuK93cxEMJPpfi1dfsOfdw==}
    engines: {node: '>=12'}
    cpu: [ia32]
    os: [linux]
    requiresBuild: true
    dev: true
    optional: true

  /esbuild-linux-64/0.14.27:
    resolution: {integrity: sha512-ESjck9+EsHoTaKWlFKJpPZRN26uiav5gkI16RuI8WBxUdLrrAlYuYSndxxKgEn1csd968BX/8yQZATYf/9+/qg==}
    engines: {node: '>=12'}
    cpu: [x64]
    os: [linux]
    requiresBuild: true
    dev: true
    optional: true

  /esbuild-linux-arm/0.14.27:
    resolution: {integrity: sha512-JnnmgUBdqLQO9hoNZQqNHFWlNpSX82vzB3rYuCJMhtkuaWQEmQz6Lec1UIxJdC38ifEghNTBsF9bbe8dFilnCw==}
    engines: {node: '>=12'}
    cpu: [arm]
    os: [linux]
    requiresBuild: true
    dev: true
    optional: true

  /esbuild-linux-arm64/0.14.27:
    resolution: {integrity: sha512-no6Mi17eV2tHlJnqBHRLekpZ2/VYx+NfGxKcBE/2xOMYwctsanCaXxw4zapvNrGE9X38vefVXLz6YCF8b1EHiQ==}
    engines: {node: '>=12'}
    cpu: [arm64]
    os: [linux]
    requiresBuild: true
    dev: true
    optional: true

  /esbuild-linux-mips64le/0.14.27:
    resolution: {integrity: sha512-NolWP2uOvIJpbwpsDbwfeExZOY1bZNlWE/kVfkzLMsSgqeVcl5YMen/cedRe9mKnpfLli+i0uSp7N+fkKNU27A==}
    engines: {node: '>=12'}
    cpu: [mips64el]
    os: [linux]
    requiresBuild: true
    dev: true
    optional: true

  /esbuild-linux-ppc64le/0.14.27:
    resolution: {integrity: sha512-/7dTjDvXMdRKmsSxKXeWyonuGgblnYDn0MI1xDC7J1VQXny8k1qgNp6VmrlsawwnsymSUUiThhkJsI+rx0taNA==}
    engines: {node: '>=12'}
    cpu: [ppc64]
    os: [linux]
    requiresBuild: true
    dev: true
    optional: true

  /esbuild-linux-riscv64/0.14.27:
    resolution: {integrity: sha512-D+aFiUzOJG13RhrSmZgrcFaF4UUHpqj7XSKrIiCXIj1dkIkFqdrmqMSOtSs78dOtObWiOrFCDDzB24UyeEiNGg==}
    engines: {node: '>=12'}
    cpu: [riscv64]
    os: [linux]
    requiresBuild: true
    dev: true
    optional: true

  /esbuild-linux-s390x/0.14.27:
    resolution: {integrity: sha512-CD/D4tj0U4UQjELkdNlZhQ8nDHU5rBn6NGp47Hiz0Y7/akAY5i0oGadhEIg0WCY/HYVXFb3CsSPPwaKcTOW3bg==}
    engines: {node: '>=12'}
    cpu: [s390x]
    os: [linux]
    requiresBuild: true
    dev: true
    optional: true

  /esbuild-netbsd-64/0.14.27:
    resolution: {integrity: sha512-h3mAld69SrO1VoaMpYl3a5FNdGRE/Nqc+E8VtHOag4tyBwhCQXxtvDDOAKOUQexBGca0IuR6UayQ4ntSX5ij1Q==}
    engines: {node: '>=12'}
    cpu: [x64]
    os: [netbsd]
    requiresBuild: true
    dev: true
    optional: true

  /esbuild-openbsd-64/0.14.27:
    resolution: {integrity: sha512-xwSje6qIZaDHXWoPpIgvL+7fC6WeubHHv18tusLYMwL+Z6bEa4Pbfs5IWDtQdHkArtfxEkIZz77944z8MgDxGw==}
    engines: {node: '>=12'}
    cpu: [x64]
    os: [openbsd]
    requiresBuild: true
    dev: true
    optional: true

  /esbuild-sunos-64/0.14.27:
    resolution: {integrity: sha512-/nBVpWIDjYiyMhuqIqbXXsxBc58cBVH9uztAOIfWShStxq9BNBik92oPQPJ57nzWXRNKQUEFWr4Q98utDWz7jg==}
    engines: {node: '>=12'}
    cpu: [x64]
    os: [sunos]
    requiresBuild: true
    dev: true
    optional: true

  /esbuild-windows-32/0.14.27:
    resolution: {integrity: sha512-Q9/zEjhZJ4trtWhFWIZvS/7RUzzi8rvkoaS9oiizkHTTKd8UxFwn/Mm2OywsAfYymgUYm8+y2b+BKTNEFxUekw==}
    engines: {node: '>=12'}
    cpu: [ia32]
    os: [win32]
    requiresBuild: true
    dev: true
    optional: true

  /esbuild-windows-64/0.14.27:
    resolution: {integrity: sha512-b3y3vTSl5aEhWHK66ngtiS/c6byLf6y/ZBvODH1YkBM+MGtVL6jN38FdHUsZasCz9gFwYs/lJMVY9u7GL6wfYg==}
    engines: {node: '>=12'}
    cpu: [x64]
    os: [win32]
    requiresBuild: true
    dev: true
    optional: true

  /esbuild-windows-arm64/0.14.27:
    resolution: {integrity: sha512-I/reTxr6TFMcR5qbIkwRGvldMIaiBu2+MP0LlD7sOlNXrfqIl9uNjsuxFPGEG4IRomjfQ5q8WT+xlF/ySVkqKg==}
    engines: {node: '>=12'}
    cpu: [arm64]
    os: [win32]
    requiresBuild: true
    dev: true
    optional: true

  /esbuild/0.14.27:
    resolution: {integrity: sha512-MZQt5SywZS3hA9fXnMhR22dv0oPGh6QtjJRIYbgL1AeqAoQZE+Qn5ppGYQAoHv/vq827flj4tIJ79Mrdiwk46Q==}
    engines: {node: '>=12'}
    hasBin: true
    requiresBuild: true
    optionalDependencies:
      esbuild-android-64: 0.14.27
      esbuild-android-arm64: 0.14.27
      esbuild-darwin-64: 0.14.27
      esbuild-darwin-arm64: 0.14.27
      esbuild-freebsd-64: 0.14.27
      esbuild-freebsd-arm64: 0.14.27
      esbuild-linux-32: 0.14.27
      esbuild-linux-64: 0.14.27
      esbuild-linux-arm: 0.14.27
      esbuild-linux-arm64: 0.14.27
      esbuild-linux-mips64le: 0.14.27
      esbuild-linux-ppc64le: 0.14.27
      esbuild-linux-riscv64: 0.14.27
      esbuild-linux-s390x: 0.14.27
      esbuild-netbsd-64: 0.14.27
      esbuild-openbsd-64: 0.14.27
      esbuild-sunos-64: 0.14.27
      esbuild-windows-32: 0.14.27
      esbuild-windows-64: 0.14.27
      esbuild-windows-arm64: 0.14.27
    dev: true

  /estree-walker/1.0.1:
    resolution: {integrity: sha512-1fMXF3YP4pZZVozF8j/ZLfvnR8NSIljt56UhbZ5PeeDmmGHpgpdwQt7ITlGvYaQukCvuBRMLEiKiYC+oeIg4cg==}
    dev: true

  /estree-walker/2.0.2:
    resolution: {integrity: sha512-Rfkk/Mp/DL7JVje3u18FxFujQlTNR2q6QfMSMB7AvCBx91NGj/ba3kCfza0f6dVDbw7YlRf/nDrn7pQrCCyQ/w==}
    dev: true

  /fs.realpath/1.0.0:
    resolution: {integrity: sha1-FQStJSMVjKpA20onh8sBQRmU6k8=}
    dev: true

  /fsevents/2.3.2:
    resolution: {integrity: sha512-xiqMQR4xAeHTuB9uWm+fFRcIOgKBMiOBP+eXiyT7jsgVCq1bkVygt00oASowB7EdtpOHaaPgKt812P9ab+DDKA==}
    engines: {node: ^8.16.0 || ^10.6.0 || >=11.0.0}
    os: [darwin]
    requiresBuild: true
    dev: true
    optional: true

  /function-bind/1.1.1:
    resolution: {integrity: sha512-yIovAzMX49sF8Yl58fSCWJ5svSLuaibPxXQJFLmBObTuCr0Mf1KiPopGM9NiFjiYBCbfaa2Fh6breQ6ANVTI0A==}
    dev: true

  /glob/7.2.0:
    resolution: {integrity: sha512-lmLf6gtyrPq8tTjSmrO94wBeQbFR3HbLHbuyD69wuyQkImp2hWqMGB47OX65FBkPffO641IP9jWa1z4ivqG26Q==}
    dependencies:
      fs.realpath: 1.0.0
      inflight: 1.0.6
      inherits: 2.0.4
      minimatch: 3.1.2
      once: 1.4.0
      path-is-absolute: 1.0.1
    dev: true

  /has/1.0.3:
    resolution: {integrity: sha512-f2dvO0VU6Oej7RkWJGrehjbzMAjFp5/VKPp5tTpWIV4JHHZK1/BxbFRtf/siA2SWTe09caDmVtYYzWEIbBS4zw==}
    engines: {node: '>= 0.4.0'}
    dependencies:
      function-bind: 1.1.1
    dev: true

  /inflight/1.0.6:
    resolution: {integrity: sha1-Sb1jMdfQLQwJvJEKEHW6gWW1bfk=}
    dependencies:
      once: 1.4.0
      wrappy: 1.0.2
    dev: true

  /inherits/2.0.4:
    resolution: {integrity: sha512-k/vGaX4/Yla3WzyMCvTQOXYeIHvqOKtnqBduzTHpzpQZzAskKMhZ2K+EnBiSM9zGSoIFeMpXKxa4dYeZIQqewQ==}
    dev: true

  /is-core-module/2.8.1:
    resolution: {integrity: sha512-SdNCUs284hr40hFTFP6l0IfZ/RSrMXF3qgoRHd3/79unUTvrFO/JoXwkGm+5J/Oe3E/b5GsnG330uUNgRpu1PA==}
    dependencies:
      has: 1.0.3
    dev: true

  /is-module/1.0.0:
    resolution: {integrity: sha1-Mlj7afeMFNW4FdZkM2tM/7ZEFZE=}
    dev: true

  /is-reference/1.2.1:
    resolution: {integrity: sha512-U82MsXXiFIrjCK4otLT+o2NA2Cd2g5MLoOVXUZjIOhLurrRxpEXzI8O0KZHr3IjLvlAH1kTPYSuqer5T9ZVBKQ==}
    dependencies:
      '@types/estree': 0.0.51
    dev: true

  /just-camel-case/6.0.1:
    resolution: {integrity: sha512-cFuLe+LDw0sOLDiaftpasYMNe3g8X5BZbmJcr9GZ8nL8ViR5x6ML3KrAq1+nftFJ+lesSr1nZKsCNp8WcN8O8A==}
    dev: false

  /just-capitalize/3.0.1:
    resolution: {integrity: sha512-GPvagN7Y2IdNFdFh8wRtE0AoxjA+0zAOF+XS8i2Di+aNdTZ0SAb5bARqjklOxVgIUTBfTv6MqqrRmdGjnLbkQA==}
    dev: false

  /just-cartesian-product/4.0.2:
    resolution: {integrity: sha512-eo+A+I3CT0+yRDU7jYFUMRS9x8Nnbvza/xeppF+qhWK567ZWBnd6+TtRUvknoYf3dhD9SpkRV4kNXuSwV2U78A==}
    dev: false

  /just-clamp/4.0.1:
    resolution: {integrity: sha512-iWB5ByVHheL9RndaiE82CG8JwUtuG73rnEyDp1ZUy1R0MmDWVnEE12RJ/n2vDIv2ZcLaQtyUhCSIad1EU4HYzg==}
    dev: false

  /just-clone/5.0.1:
    resolution: {integrity: sha512-y6hFQ8X4fhJTZzdNvrE9mnCQX33uN4xV0hZ+5WNgs6yCcrRzs9ieFXuYRKznWqQ/gOSZpJu0yQ6hRHLCU6ezyw==}
    dev: false

  /just-compact/3.0.1:
    resolution: {integrity: sha512-DX7S21zUFRcie7TjDEQUK/7XDZrx1AuNF8RSavai9fhOcTbOw9TptXKdtVaCEoWrh2D7y9vGbmREToFRzSMvfw==}
    dev: false

  /just-compare/2.1.0:
    resolution: {integrity: sha512-3khZL/G9XsMuwFfaZ2Avkzjiasty9B0MOk7JdVjdMM6SSfY6gaTk1T28bVSzuyr38hdaOp6I7HuulkWJkbyHPw==}
    dev: false

  /just-compose/2.1.0:
    resolution: {integrity: sha512-Fe0b2358630hMNb4FUbJ7Q0IwFI5QCsZesojfQO7WMv2Lb58hDhN1use6plZ8IWnslGoCcMT6cqPovAd1hheRg==}
    dev: false

  /just-curry-it/5.0.1:
    resolution: {integrity: sha512-qct1+39Nk/QmrbqN6Tm1JgoLs1OaspjrHnsdoSJ0U8ZVu36JXk/XYyhTes9ORBRg/mvLGYBnqIfZlUSILJHoHg==}
    dev: false

  /just-debounce-it/3.0.1:
    resolution: {integrity: sha512-6EQWOpRV8fm/ame6XvGBSxvsjoMbqj7JS9TV/4Q9aOXt9DQw22GBfTGP6gTAqcBNN/PbzlwtwH7jtM0k9oe9pg==}
    dev: false

  /just-deep-map-values/1.0.0:
    resolution: {integrity: sha512-rLmRYzJUOmKyDiSYdNXyyAOFdYZfjsna33BpS1ApWDWYFEsxAX2CVEi2WEdLOibrd+f+UK16fiiSO5ZJTMiKWQ==}
    dev: false

  /just-demethodize/3.0.1:
    resolution: {integrity: sha512-jPdSTsT2uRsXDsSbubzaGOAmnZcBuo6iZ7L8ZkxKlObcg2k1Rtuf4MSrgIfLsvlkxtC00siYOtygrb4nmNQ3IA==}
    dev: false

  /just-diff-apply/5.2.0:
    resolution: {integrity: sha512-unjtin7rnng0KUpE4RPWwTl8iwWiZuyZqOQ+vm8orV6aIXX8mHN8zlKCPPbOycfDNuLh2PBazbFhNoDJv4S/FA==}
    dev: false

  /just-diff/5.0.1:
    resolution: {integrity: sha512-X00TokkRIDotUIf3EV4xUm6ELc/IkqhS/vPSHdWnsM5y0HoNMfEqrazizI7g78lpHvnRSRt/PFfKtRqJCOGIuQ==}
    dev: false

  /just-entries/2.0.1:
    resolution: {integrity: sha512-GdhGyGSENMNM26w3/O4QCKjnfHS00t9ucjBzVwUPkL22UAT3sWo4rLQzTVQUIZdmVTZZe1b29h9Zhy7jeL2qcw==}
    dev: false

  /just-extend/6.0.1:
    resolution: {integrity: sha512-CrwyGHRQ22XObWsZPQdnKlLLuCPj95OQ9HrLYdfjymCsYoYj7HPMFNrgqPW/LJjhK+CnVZAtftVSfo8Wr33RTA==}
    dev: false

  /just-filter-object/3.0.1:
    resolution: {integrity: sha512-H1z7tFvyTPr8lIHalaEeRFGek16WsWj6OHD0TiJHReAwO7MUwkmtbPzPu7L20w4adFINSJGwoxIt+IZLXLbDBw==}
    dev: false

  /just-flatten-it/5.0.1:
    resolution: {integrity: sha512-tbh2Gu/gDuankZcdSVXaIcZ+PwTyrPBbNQfpga/l0IrNa4qE/koejib3lciAD44LNtxzor8iq5EPnh/wuDIL2w==}
    dev: false

  /just-flip-object/2.1.0:
    resolution: {integrity: sha512-w13kMOUDmMlEIaffuVYz+EhwqYNXcIkSNZ5EPhW1bY6QVUjA8vchiOoWYxRkOT4Hyu00J/TP0+srKBP81SxTkQ==}
    dev: false

  /just-flip/2.0.1:
    resolution: {integrity: sha512-RSaaHHWJeyR91Te5GN3Cn+DVha9+NMSkgR29pHPyTkQ9luPWUJSfEtyiyzJgv5AX4YJ/H88GMDkQu6ITNSLe0A==}
    dev: false

  /just-flush/2.1.0:
    resolution: {integrity: sha512-vczPBFnKgWO6j8BqJqaDHbw+3QW3f9a9lg5ZxHFo0JZBpg3Q7lESHPzfyLRNNhZM6+WMROPCHxG//HPVUOReXw==}
    dev: false

  /just-group-by/2.0.1:
    resolution: {integrity: sha512-ZSrnAbsqNTKZ5M/WUyY6dovi2m1M6OM98eGkkjwXwLxdm4jy4/M6dBYpqlTvhvwbySW2NvsivoR2jSP0YR3qng==}
    dev: false

  /just-index/4.0.1:
    resolution: {integrity: sha512-RP6Cjva53eQmdyi9OezZtvHMkouKZgQTH/RcWhKvygAiUmPkrf393abMKnmuhI/nzmTNk+dpSR/a1Dyb01j9+A==}
    dev: false

  /just-insert/3.0.1:
    resolution: {integrity: sha512-p9f1efHbmdL4ddsrZuf+w0L5yHgPnpfLYLzD+rXX65+ZDJ5aGveUOqIfA1BcWuLbhACD461w2qlj/PMe6u6eFQ==}
    dev: false

  /just-intersect/4.1.0:
    resolution: {integrity: sha512-0XH4PTqUbDYTzkoKg/wQXfVMGrCGqwU9SygF3IWUZiJWICsSbGlrpWDQJn+tcXkFqphoYNlV+l+fnk2JnnkPUg==}
    dev: false

  /just-is-circular/2.0.1:
    resolution: {integrity: sha512-NIutyfxW1+sdaQCL2yopt1jRQmEeIGAQxS1u6cHLdACihFLdwpwtWuDito1jadsUEZcR82WWGv2HbAlrPW1MPQ==}
    dev: false

  /just-is-empty/3.1.1:
    resolution: {integrity: sha512-K5qqMF6PTkM/L4t/CqCyh3DZYGqlBa+wzH5PR9EkheZUjGnTG4zP414CG2OEeWDTrDVvfyLINQaEeul65JIH2w==}
    dev: false

  /just-is-prime/2.0.1:
    resolution: {integrity: sha512-Bm1ff/Zwitm2DHLLLIfkHmO7gQy4IOh6PYZWVWvZmUwNwAUEIwwG41TquFe5Vsm6dqldw9mcTWO2SKxinmyFKg==}
    dev: false

  /just-is-primitive/2.1.0:
    resolution: {integrity: sha512-0eJPsD5FL8BvF0XDT3tOH19hxKXqDaCggRKUuutZOrNCWwAmesxomucz9mLqRgfolMwuUT0Cd4e9X6YU9KmuhA==}
    dev: false

  /just-kebab-case/4.0.1:
    resolution: {integrity: sha512-rl9p38LRKwwhE3THotBcOhHLbFzMBHdkyKl1oQrtvuXX/eMXJS0zukzAbyWG8jEntaaRaIveajHfpjOI4tjpbA==}
    dev: false

  /just-last/3.0.1:
    resolution: {integrity: sha512-VRpII2eIZ7UFDta3WnGkCZUagKSGYeflP7r6xgn55jsaULkcI79J0xwIp+V2gjFn/lT2hUvWgc18qRDLgiKy8g==}
    dev: false

  /just-left-pad/3.0.1:
    resolution: {integrity: sha512-t7GmTF7Eu/3GnOvV2lYmSbAzmXx6JHetAGF1N7fF1aPIzu4wQDCdxeoOPqP4MbHeWO3WBibj1D3EJpcB5l2BZQ==}
    dev: false

  /just-map-keys/2.1.1:
    resolution: {integrity: sha512-HkfBQo5x9EpLaSDlgkGerRnkLGTPk1wa6Vp5cU4IQLGeOxTZvdFLEIJLLZpQPAq8bCiAxTbT0tf8VavwOv+enQ==}
    dev: false

  /just-map-object/2.1.0:
    resolution: {integrity: sha512-n/w7At2w7GvKIayvf/9AKEM7KZAooFyp73GVQ6nnQK98uSO52vr3N8m2FwMBVaJQ+syCMpjfv+1TTgdNPkOmEg==}
    dev: false

  /just-map-values/3.0.2:
    resolution: {integrity: sha512-bPrvJIZ/0QbrsnrY1f8JxfPZ7joimSecUeYjoxVctBTYxjRKjtVU1QMgAJCK5RTo5bNGonVY7FxrwQ+gQrIyww==}
    dev: false

  /just-mean/2.0.1:
    resolution: {integrity: sha512-GLCRDvj4RZplrrsKe00SirRx6mkMEWA2jY3nr7yWEM72isBFXZYFRqGQE7zWGzOJHGAmUiBOC+C5IyNrd/81og==}
    dev: false

  /just-median/2.0.1:
    resolution: {integrity: sha512-xifqMwj/eqdgD57dUpQ7ztJfOkXu/TaBZE1pkKJACke78mGC8otAz9P+1xYXXSvtmSTCTgg+y7UIZ7NESO9Upw==}
    dev: false

  /just-memoize-last/3.0.1:
    resolution: {integrity: sha512-Fp6EehqSjdlq2BWcyzUhRpMSCzdXQgASaVrgXAotVM4lylC8cMiJYuBQkbWlw+VkOKHUbWLyovbeVNiJeQ47OA==}
    dev: false

  /just-memoize/2.0.1:
    resolution: {integrity: sha512-FuKb6BEz7Z09o6XF7NklWVrFGj0hnVx/jHr8dtAI//FM6hyXIPT6TGCI3MOzA5ma2nwZV5qiZYpvDRAzjcmIsw==}
    dev: false

  /just-merge/3.0.1:
    resolution: {integrity: sha512-NAwyt7KvIhHFRkLNlwor8cMs//ni72uBNL5Eev4WF/6v2xgEyWglv+z7V5EtW9jKYxbYCvt9EwsLeVlpHCEOCA==}
    dev: false

  /just-mode/2.0.1:
    resolution: {integrity: sha512-s2BKSMwPmFdL5g+lK8g3wYJVkOqvk2KrRoaX3Wm1BGszX0yfWBp/hdylMBKPQ17SP+PaYSNPHMsR1a1mlltWWg==}
    dev: false

  /just-modulo/2.0.1:
    resolution: {integrity: sha512-B1wXBHSdFucdEuSdR2Fk8+kpKcSML0o6WrOcK2XFx4OM4TXi+NouXcIKs1YuHDzy1ebT702/EBDxgsk7PN020Q==}
    dev: false

  /just-omit/2.0.1:
    resolution: {integrity: sha512-gmMf9DSGjx+PJFr7P7zcZk4hpKvb/iLTmXjArvtvr2zg8JvcXyAjPtJItX4Lx8BCUk3UAtJiacu4no9h9mv6mg==}
    dev: false

  /just-once/2.0.1:
    resolution: {integrity: sha512-r/s9ilXHAh+uia0/HaHe/ZxvTX9JbCDjtwEwVe7YhSzIZ4vBiCz4MB4Acij1wegnWoytnhkAfQWYZ2SI9Z1n/g==}
    dev: false

  /just-partial-it/3.0.2:
    resolution: {integrity: sha512-Q9M/BwEYgh2+SJDM/YS75p0M/ZUO0mRVpXX4uECwB/94KCXS1WadsvT9jtw7Br+ld8/VPPOp/QlZUqecABY2cg==}
    dev: false

  /just-partition/2.0.1:
    resolution: {integrity: sha512-z8kJsanBnnFPjWh3121soSrZ2uEgqas+Qs5vUhfACHFvOv6JIBaxg1+KcKBQowa91hnB1vARXi54lIhToqJ0hg==}
    dev: false

  /just-pascal-case/3.0.1:
    resolution: {integrity: sha512-8jLoc17+DcYoxAFJujmsoRU9+G9mlcByKRTwSJw1bsydynMo5TTgxsm4mDii/E4h1zRmzoscY+qm4eKB+l6mpQ==}
    dev: false

  /just-percentile/4.0.0:
    resolution: {integrity: sha512-NBC3av0inOAWAaIKUKSVxI7o/pTk5MJdICBWwfXARev8obrwFbgoDRctftzke/jCt7HECF/I2/LSIJR1F0gUzg==}
    dev: false

  /just-permutations/2.0.1:
    resolution: {integrity: sha512-i/5Zpw3ByRpecMEt3aUZ5rZWH9X0ZiTX4opcmKHg1i5HqPPj6p+gcrqFQTlFM0WO/BBo7GI5QDibeqCV7NWX4A==}
    dev: false

  /just-pick/4.0.1:
    resolution: {integrity: sha512-8+xh2htMkCqrOzh1hhNF1RYh3WbC6JbdRrA8rPMQcvd/pw2DT5wgIsQKfwh/qwc/CJ0Lev95c1e0jlJHN9T5Gw==}
    dev: false

  /just-pluck-it/2.1.0:
    resolution: {integrity: sha512-/BS/Jr1ZnO8jDunrfARrSCfxBnsrNMOGUz28e9RgasqIir+9HLDLzfFzwHCl+Ity++O433tMF5oQRwslC9F4HA==}
    dev: false

  /just-prune/2.0.1:
    resolution: {integrity: sha512-xlBPk/3KV7rX1yNyv2s1mr7lIx9/hk+uNsipz7BPssRMbm6SC7qDiTuGJXaEgWYufBBbiHlcdyVmoYk01ixwbw==}
    dev: false

  /just-random/3.0.1:
    resolution: {integrity: sha512-JOp2xkWZcPNEsDRJOWupw/qJhqUakcNi1gXCqRyix00jUJP37aJUaHuyjeQLC1Vg6ts+cNWWGifdHmP88A6uvA==}
    dev: false

  /just-range/4.0.1:
    resolution: {integrity: sha512-95Nge5VEn5QiwASJa4QlCLUSyG0QpHwHmhFQUN0Qg5nazqWkxzbVvcEY0xr4ZqXzOlJAQK0KDCVjF0EmseHNXA==}
    dev: false

  /just-reduce-object/2.0.1:
    resolution: {integrity: sha512-NAZxo+13ve79h3j9B29haA9YLSedHuODI5hYP9yX3pwmkSGiIkUhaQaa20S6gJ3wI0911R2jQdsSZIiLOpAf/A==}
    dev: false

  /just-remove/3.0.1:
    resolution: {integrity: sha512-TUn9bQgOjL+eQyvGrD0Pov0JWik6TGaQHqCSB4bPES7f5CfrS2lh+b4E37eYxEBpHvFpn2ig3fNfu3FJl5albA==}
    dev: false

  /just-replace-all/2.0.1:
    resolution: {integrity: sha512-PldmArh8MCexLqmgWKAbmIyR7xh/1XjGUJomeItI7yAB/Uo00UWqRFK0khnY8R9XBrDWmsA71lz5UOUrVGKMzQ==}
    dev: false

  /just-right-pad/3.0.1:
    resolution: {integrity: sha512-fiKu+EQmQmN/9KVxMi1Cg20o7b559lPPgALa7fNN7A4fOm5qPbkSmd0ef3KgkbVhF2VsNJL/lcGj77GmQhUclg==}
    dev: false

  /just-safe-get/4.0.1:
    resolution: {integrity: sha512-Yet2Cf1s0h8Jh0A1CMBkR/C4nIN+pCJ4vN7aNk0Eo3d/QhnpWWPEMaxlIxAiH4bUdRCfdJonFabClf21Ls5NMA==}
    dev: false

  /just-safe-set/4.0.2:
    resolution: {integrity: sha512-tAIYsHB6pC7o2/+UtquHOYT4jaboA97W+9nYij0boNnjK66G5avPZpHYIpj99dCzOSNWBO8/+k9+gdgadHF2Mw==}
    dev: false

  /just-shuffle/4.0.1:
    resolution: {integrity: sha512-zi6tkAMmnrMc39Tmxma7uEJ4c/NmzreJYHNqpZZ5CR8DluhfarzSmAZ/Tr3HjCYJrXajX6L+rEmC2Z/Fq3uuyg==}
    dev: false

  /just-skewness/2.0.1:
    resolution: {integrity: sha512-3Ag9hCoFW8zbQMRBkthr0iI8jYU2l27vyL4K3XmHPWkI7p0M779CYKMY0dSyPAWpVtx3iIKel703pZoJ5sHiEw==}
    dev: false

  /just-snake-case/3.0.1:
    resolution: {integrity: sha512-h2fbGA9baefofrXBowSWk38a0oTvh+8pdxYv8eqtblrYHqehkG+D9gEWCj9XmNOSFOX+O493ciZa4fFRzA9b1A==}
    dev: false

  /just-sort-by/3.0.1:
    resolution: {integrity: sha512-8BsCipdp9UUcaAV6ThF+pnlBtD/sAkT11Qfy3o9aKYEokOBQBhRXOBYX3MH7Xuep74+3t/PwLEzIGK8etAhxqg==}
    dev: false

  /just-split-at/3.0.1:
    resolution: {integrity: sha512-MseFka0DOJ5DVq//vf/4FrIXFWFktH11YpwH0KNitrx7JcLXxsleLBZmpgz+P23eUEPWJariGeN+C02OZ2BtQQ==}
    dev: false

  /just-split/3.0.1:
    resolution: {integrity: sha512-KAB4lfodDbN5CkOKMni21qzjqPYvUMYxehl+Dw+onqqNZ+r7NWcY5RHOi0Nj36fEoWXNktDngXDEcUlRYjZLUA==}
    dev: false

  /just-squash/2.0.1:
    resolution: {integrity: sha512-gCLsEFfW+RrgqcgBZxb1vnZhc2uQynvZNrSOEh0QrAP6hJZUFlFPvn/QWq0gLwcgN2rn2SKAXlckMSEb4Rd6tg==}
    dev: false

  /just-standard-deviation/2.0.1:
    resolution: {integrity: sha512-fTILZxibVwrM7lTXzvB4z2VflBXGLHSNuA72Y+dVyJkcoscfHljc0pU6pzvbZcnYzio/6YQvpvk16+HMj8uaTQ==}
    dev: false

  /just-tail/3.0.2:
    resolution: {integrity: sha512-0iQUd/ama1qNyX22JOvkafSIbCugl7AR7kBd7hWZ+66GHiUKCFDIoESKotJVFOtlG+o98XuMvqRAZJHUmGdSoA==}
    dev: false

  /just-template/2.0.1:
    resolution: {integrity: sha512-DWcJotx7GC+2578raHC5C8GTBEhaAxhhMP/cDNFkzNxyoZvrocegj5Ij1h9AilfKv3R4I3XYUeqqjH7DBYvBXQ==}
    dev: false

  /just-throttle/4.0.1:
    resolution: {integrity: sha512-BC3LgilNVj4WQt2vj4//4n/UHSQtkl5P5fz+aOZ+c0t1sjIzBeIFL2+5T32MhTs4YrKjAgNo2DT/VRh/NwQOZA==}
    dev: false

  /just-truncate/2.0.1:
    resolution: {integrity: sha512-e3eGIzusojioqFvgPg3m43U3UvNb+E56IZcq2U4YRg8/LtGStC8ih/wMzCQvCihHyAhO2XTVg6ByPdbkxgqXPw==}
    dev: false

  /just-typeof/3.0.1:
    resolution: {integrity: sha512-z733yfJ1gfOTvVD8nGCY7X9MKoAd61B2pCaeNJiSODxOK7rKS1/8NsFEotgFIzYHvwyJEQYINMqg3+VYPl2Brw==}
    dev: false

  /just-union/3.0.1:
    resolution: {integrity: sha512-re3qIrUzGhNLrtiGYJU497l3a2nfzB2Cbha01T1mJH8HWI0S8pnev+XKpK1QPH3nvZndhbBru11amcMb/6YqDg==}
    dev: false

  /just-unique/4.0.1:
    resolution: {integrity: sha512-rUeSLN44eynoLqpWa/J73f4fGEGoUxBw+3KPCABN2CkCQuP/7WYS6BSQ8/YIIB5wAEdzfHeJhYPfoYIi95UywA==}
    dev: false

  /just-values/2.0.1:
    resolution: {integrity: sha512-Y3NFC9MG8pr4jKMXW7Kz+0UXI2gTR9kT36mlLYS3xpa33fmpElsB/tE0hwqcQ43FDbx41aax3mObqqRnEkud7w==}
    dev: false

  /just-variance/2.0.1:
    resolution: {integrity: sha512-w4KiaPDZjOKn3y0IXyAxBYACJ4t3m4cgvbMo98HycZyJolNXVKtOXEzdf3xTyKLw1IHi6X/ZoJm91mfWzwgiuA==}
    dev: false

  /just-zip-it/3.0.2:
    resolution: {integrity: sha512-JhnDos0Qv+wDBImi94AG9SKXQqvdWPI95NNRuSMwA56qjyBEmo8hgW4BxeiwU3RSnjH7pQ6D36MzvFVWeLrtsg==}
    dev: false

  /magic-string/0.25.9:
    resolution: {integrity: sha512-RmF0AsMzgt25qzqqLc1+MbHmhdx0ojF2Fvs4XnOqz2ZOBXzzkEwc/dJQZCYHAn7v1jbVOjAZfK8msRn4BxO4VQ==}
    dependencies:
      sourcemap-codec: 1.4.8
    dev: true

  /minimatch/3.1.2:
    resolution: {integrity: sha512-J7p63hRiAjw1NDEww1W7i37+ByIrOWO5XQQAzZ3VOcL0PNybwpfmV/N05zFAzwQ9USyEcX6t3UO+K5aqBQOIHw==}
    dependencies:
      brace-expansion: 1.1.11
    dev: true

  /once/1.4.0:
    resolution: {integrity: sha1-WDsap3WWHUsROsF9nFC6753Xa9E=}
    dependencies:
      wrappy: 1.0.2
    dev: true

  /path-is-absolute/1.0.1:
    resolution: {integrity: sha1-F0uSaHNVNP+8es5r9TpanhtcX18=}
    engines: {node: '>=0.10.0'}
    dev: true

  /path-parse/1.0.7:
    resolution: {integrity: sha512-LDJzPVEEEPR+y48z93A0Ed0yXb8pAByGWo/k5YYdYgpY2/2EsOsksJrq7lOHxryrVOn1ejG6oAp8ahvOIQD8sw==}
    dev: true

  /picomatch/2.3.1:
    resolution: {integrity: sha512-JU3teHTNjmE2VCGFzuY8EXzCDVwEqB2a8fsIvwaStHhAWJEeVd1o1QD80CU6+ZdEXXSLbSsuLwJjkCBWqRQUVA==}
    engines: {node: '>=8.6'}
    dev: true

  /prettier/2.6.0:
    resolution: {integrity: sha512-m2FgJibYrBGGgQXNzfd0PuDGShJgRavjUoRCw1mZERIWVSXF0iLzLm+aOqTAbLnC3n6JzUhAA8uZnFVghHJ86A==}
    engines: {node: '>=10.13.0'}
    hasBin: true
    dev: true

  /resolve/1.22.0:
    resolution: {integrity: sha512-Hhtrw0nLeSrFQ7phPp4OOcVjLPIeMnRlr5mcnVuMe7M/7eBn98A3hmFRLoFo3DLZkivSYwhRUJTyPyWAk56WLw==}
    hasBin: true
    dependencies:
      is-core-module: 2.8.1
      path-parse: 1.0.7
      supports-preserve-symlinks-flag: 1.0.0
    dev: true

  /rollup/2.70.1:
    resolution: {integrity: sha512-CRYsI5EuzLbXdxC6RnYhOuRdtz4bhejPMSWjsFLfVM/7w/85n2szZv6yExqUXsBdz5KT8eoubeyDUDjhLHEslA==}
    engines: {node: '>=10.0.0'}
    hasBin: true
    optionalDependencies:
      fsevents: 2.3.2
    dev: true

  /sourcemap-codec/1.4.8:
    resolution: {integrity: sha512-9NykojV5Uih4lgo5So5dtw+f0JgJX30KCNI8gwhz2J9A15wD0Ml6tjHKwf6fTSa6fAdVBdZeNOs9eJ71qCk8vA==}
    dev: true

  /supports-preserve-symlinks-flag/1.0.0:
    resolution: {integrity: sha512-ot0WnXS9fgdkgIcePe6RHNk1WA8+muPa6cSjeR3V8K27q9BB1rTE3R1p7Hv0z1ZyAc8s6Vvv8DIyWf681MAt0w==}
    engines: {node: '>= 0.4'}
    dev: true

  /tslib/2.3.1:
    resolution: {integrity: sha512-77EbyPPpMz+FRFRuAFlWMtmgUWGe9UOG2Z25NqCwiIjRhOf5iKGuzSe5P2w1laq+FkRy4p+PCuVkJSGkzTEKVw==}
    dev: true

  /tsm/2.2.1:
    resolution: {integrity: sha512-qvJB0baPnxQJolZru11mRgGTdNlx17WqgJnle7eht3Vhb+VUR4/zFA5hFl6NqRe7m8BD9w/6yu0B2XciRrdoJA==}
    engines: {node: '>=12'}
    hasBin: true
    dependencies:
      esbuild: 0.14.27
    dev: true

  /type-fest/2.12.1:
    resolution: {integrity: sha512-AiknQSEqKVGDDjtZqeKrUoTlcj7FKhupmnVUgz6KoOKtvMwRGE6hUNJ/nVear+h7fnUPO1q/htSkYKb1pyntkQ==}
    engines: {node: '>=12.20'}
    dev: true

  /typescript/4.6.2:
    resolution: {integrity: sha512-HM/hFigTBHZhLXshn9sN37H085+hQGeJHJ/X7LpBWLID/fbc2acUMfU+lGD98X81sKP+pFa9f0DZmCwB9GnbAg==}
    engines: {node: '>=4.2.0'}
    hasBin: true
    dev: true

  /wrappy/1.0.2:
    resolution: {integrity: sha1-tSQ9jz7BqjXxNkYFvA0QNuMKtp8=}
    dev: true
